// !$*UTF8*$!
{
	archiveVersion = 1;
	classes = {
	};
	objectVersion = 55;
	objects = {

/* Begin PBXBuildFile section */
		C4C3EFF1280AC1C800D4FFFE /* AppDelegate.swift in Sources */ = {isa = PBXBuildFile; fileRef = C4C3EFF0280AC1C800D4FFFE /* AppDelegate.swift */; };
		C4C3EFF3280AC1C800D4FFFE /* SceneDelegate.swift in Sources */ = {isa = PBXBuildFile; fileRef = C4C3EFF2280AC1C800D4FFFE /* SceneDelegate.swift */; };
		C4C3EFF5280AC1C800D4FFFE /* ViewController.swift in Sources */ = {isa = PBXBuildFile; fileRef = C4C3EFF4280AC1C800D4FFFE /* ViewController.swift */; };
		C4C3EFF8280AC1C800D4FFFE /* Main.storyboard in Resources */ = {isa = PBXBuildFile; fileRef = C4C3EFF6280AC1C800D4FFFE /* Main.storyboard */; };
		C4C3EFFA280AC1C900D4FFFE /* Assets.xcassets in Resources */ = {isa = PBXBuildFile; fileRef = C4C3EFF9280AC1C900D4FFFE /* Assets.xcassets */; };
		C4C3EFFD280AC1C900D4FFFE /* LaunchScreen.storyboard in Resources */ = {isa = PBXBuildFile; fileRef = C4C3EFFB280AC1C900D4FFFE /* LaunchScreen.storyboard */; };
		C4C3F008280AC1C900D4FFFE /* WidgetsYapisiTests.swift in Sources */ = {isa = PBXBuildFile; fileRef = C4C3F007280AC1C900D4FFFE /* WidgetsYapisiTests.swift */; };
		C4C3F012280AC1C900D4FFFE /* WidgetsYapisiUITests.swift in Sources */ = {isa = PBXBuildFile; fileRef = C4C3F011280AC1C900D4FFFE /* WidgetsYapisiUITests.swift */; };
		C4C3F014280AC1C900D4FFFE /* WidgetsYapisiUITestsLaunchTests.swift in Sources */ = {isa = PBXBuildFile; fileRef = C4C3F013280AC1C900D4FFFE /* WidgetsYapisiUITestsLaunchTests.swift */; };
/* End PBXBuildFile section */

/* Begin PBXContainerItemProxy section */
		C4C3F004280AC1C900D4FFFE /* PBXContainerItemProxy */ = {
			isa = PBXContainerItemProxy;
			containerPortal = C4C3EFE5280AC1C800D4FFFE /* Project object */;
			proxyType = 1;
			remoteGlobalIDString = C4C3EFEC280AC1C800D4FFFE;
			remoteInfo = WidgetsYapisi;
		};
		C4C3F00E280AC1C900D4FFFE /* PBXContainerItemProxy */ = {
			isa = PBXContainerItemProxy;
			containerPortal = C4C3EFE5280AC1C800D4FFFE /* Project object */;
			proxyType = 1;
			remoteGlobalIDString = C4C3EFEC280AC1C800D4FFFE;
			remoteInfo = WidgetsYapisi;
		};
/* End PBXContainerItemProxy section */

/* Begin PBXFileReference section */
		C4C3EFED280AC1C800D4FFFE /* WidgetsYapisi.app */ = {isa = PBXFileReference; explicitFileType = wrapper.application; includeInIndex = 0; path = WidgetsYapisi.app; sourceTree = BUILT_PRODUCTS_DIR; };
		C4C3EFF0280AC1C800D4FFFE /* AppDelegate.swift */ = {isa = PBXFileReference; lastKnownFileType = sourcecode.swift; path = AppDelegate.swift; sourceTree = "<group>"; };
		C4C3EFF2280AC1C800D4FFFE /* SceneDelegate.swift */ = {isa = PBXFileReference; lastKnownFileType = sourcecode.swift; path = SceneDelegate.swift; sourceTree = "<group>"; };
		C4C3EFF4280AC1C800D4FFFE /* ViewController.swift */ = {isa = PBXFileReference; lastKnownFileType = sourcecode.swift; path = ViewController.swift; sourceTree = "<group>"; };
		C4C3EFF7280AC1C800D4FFFE /* Base */ = {isa = PBXFileReference; lastKnownFileType = file.storyboard; name = Base; path = Base.lproj/Main.storyboard; sourceTree = "<group>"; };
		C4C3EFF9280AC1C900D4FFFE /* Assets.xcassets */ = {isa = PBXFileReference; lastKnownFileType = folder.assetcatalog; path = Assets.xcassets; sourceTree = "<group>"; };
		C4C3EFFC280AC1C900D4FFFE /* Base */ = {isa = PBXFileReference; lastKnownFileType = file.storyboard; name = Base; path = Base.lproj/LaunchScreen.storyboard; sourceTree = "<group>"; };
		C4C3EFFE280AC1C900D4FFFE /* Info.plist */ = {isa = PBXFileReference; lastKnownFileType = text.plist.xml; path = Info.plist; sourceTree = "<group>"; };
		C4C3F003280AC1C900D4FFFE /* WidgetsYapisiTests.xctest */ = {isa = PBXFileReference; explicitFileType = wrapper.cfbundle; includeInIndex = 0; path = WidgetsYapisiTests.xctest; sourceTree = BUILT_PRODUCTS_DIR; };
		C4C3F007280AC1C900D4FFFE /* WidgetsYapisiTests.swift */ = {isa = PBXFileReference; lastKnownFileType = sourcecode.swift; path = WidgetsYapisiTests.swift; sourceTree = "<group>"; };
		C4C3F00D280AC1C900D4FFFE /* WidgetsYapisiUITests.xctest */ = {isa = PBXFileReference; explicitFileType = wrapper.cfbundle; includeInIndex = 0; path = WidgetsYapisiUITests.xctest; sourceTree = BUILT_PRODUCTS_DIR; };
		C4C3F011280AC1C900D4FFFE /* WidgetsYapisiUITests.swift */ = {isa = PBXFileReference; lastKnownFileType = sourcecode.swift; path = WidgetsYapisiUITests.swift; sourceTree = "<group>"; };
		C4C3F013280AC1C900D4FFFE /* WidgetsYapisiUITestsLaunchTests.swift */ = {isa = PBXFileReference; lastKnownFileType = sourcecode.swift; path = WidgetsYapisiUITestsLaunchTests.swift; sourceTree = "<group>"; };
/* End PBXFileReference section */

/* Begin PBXFrameworksBuildPhase section */
		C4C3EFEA280AC1C800D4FFFE /* Frameworks */ = {
			isa = PBXFrameworksBuildPhase;
			buildActionMask = 2147483647;
			files = (
			);
			runOnlyForDeploymentPostprocessing = 0;
		};
		C4C3F000280AC1C900D4FFFE /* Frameworks */ = {
			isa = PBXFrameworksBuildPhase;
			buildActionMask = 2147483647;
			files = (
			);
			runOnlyForDeploymentPostprocessing = 0;
		};
		C4C3F00A280AC1C900D4FFFE /* Frameworks */ = {
			isa = PBXFrameworksBuildPhase;
			buildActionMask = 2147483647;
			files = (
			);
			runOnlyForDeploymentPostprocessing = 0;
		};
/* End PBXFrameworksBuildPhase section */

/* Begin PBXGroup section */
		C4C3EFE4280AC1C800D4FFFE = {
			isa = PBXGroup;
			children = (
				C4C3EFEF280AC1C800D4FFFE /* WidgetsYapisi */,
				C4C3F006280AC1C900D4FFFE /* WidgetsYapisiTests */,
				C4C3F010280AC1C900D4FFFE /* WidgetsYapisiUITests */,
				C4C3EFEE280AC1C800D4FFFE /* Products */,
			);
			sourceTree = "<group>";
		};
		C4C3EFEE280AC1C800D4FFFE /* Products */ = {
			isa = PBXGroup;
			children = (
				C4C3EFED280AC1C800D4FFFE /* WidgetsYapisi.app */,
				C4C3F003280AC1C900D4FFFE /* WidgetsYapisiTests.xctest */,
				C4C3F00D280AC1C900D4FFFE /* WidgetsYapisiUITests.xctest */,
			);
			name = Products;
			sourceTree = "<group>";
		};
		C4C3EFEF280AC1C800D4FFFE /* WidgetsYapisi */ = {
			isa = PBXGroup;
			children = (
				C4C3EFF0280AC1C800D4FFFE /* AppDelegate.swift */,
				C4C3EFF2280AC1C800D4FFFE /* SceneDelegate.swift */,
				C4C3EFF4280AC1C800D4FFFE /* ViewController.swift */,
				C4C3EFF6280AC1C800D4FFFE /* Main.storyboard */,
				C4C3EFF9280AC1C900D4FFFE /* Assets.xcassets */,
				C4C3EFFB280AC1C900D4FFFE /* LaunchScreen.storyboard */,
				C4C3EFFE280AC1C900D4FFFE /* Info.plist */,
			);
			path = WidgetsYapisi;
			sourceTree = "<group>";
		};
		C4C3F006280AC1C900D4FFFE /* WidgetsYapisiTests */ = {
			isa = PBXGroup;
			children = (
				C4C3F007280AC1C900D4FFFE /* WidgetsYapisiTests.swift */,
			);
			path = WidgetsYapisiTests;
			sourceTree = "<group>";
		};
		C4C3F010280AC1C900D4FFFE /* WidgetsYapisiUITests */ = {
			isa = PBXGroup;
			children = (
				C4C3F011280AC1C900D4FFFE /* WidgetsYapisiUITests.swift */,
				C4C3F013280AC1C900D4FFFE /* WidgetsYapisiUITestsLaunchTests.swift */,
			);
			path = WidgetsYapisiUITests;
			sourceTree = "<group>";
		};
/* End PBXGroup section */

/* Begin PBXNativeTarget section */
		C4C3EFEC280AC1C800D4FFFE /* WidgetsYapisi */ = {
			isa = PBXNativeTarget;
			buildConfigurationList = C4C3F017280AC1C900D4FFFE /* Build configuration list for PBXNativeTarget "WidgetsYapisi" */;
			buildPhases = (
				C4C3EFE9280AC1C800D4FFFE /* Sources */,
				C4C3EFEA280AC1C800D4FFFE /* Frameworks */,
				C4C3EFEB280AC1C800D4FFFE /* Resources */,
			);
			buildRules = (
			);
			dependencies = (
			);
			name = WidgetsYapisi;
			productName = WidgetsYapisi;
			productReference = C4C3EFED280AC1C800D4FFFE /* WidgetsYapisi.app */;
			productType = "com.apple.product-type.application";
		};
		C4C3F002280AC1C900D4FFFE /* WidgetsYapisiTests */ = {
			isa = PBXNativeTarget;
			buildConfigurationList = C4C3F01A280AC1C900D4FFFE /* Build configuration list for PBXNativeTarget "WidgetsYapisiTests" */;
			buildPhases = (
				C4C3EFFF280AC1C900D4FFFE /* Sources */,
				C4C3F000280AC1C900D4FFFE /* Frameworks */,
				C4C3F001280AC1C900D4FFFE /* Resources */,
			);
			buildRules = (
			);
			dependencies = (
				C4C3F005280AC1C900D4FFFE /* PBXTargetDependency */,
			);
			name = WidgetsYapisiTests;
			productName = WidgetsYapisiTests;
			productReference = C4C3F003280AC1C900D4FFFE /* WidgetsYapisiTests.xctest */;
			productType = "com.apple.product-type.bundle.unit-test";
		};
		C4C3F00C280AC1C900D4FFFE /* WidgetsYapisiUITests */ = {
			isa = PBXNativeTarget;
			buildConfigurationList = C4C3F01D280AC1C900D4FFFE /* Build configuration list for PBXNativeTarget "WidgetsYapisiUITests" */;
			buildPhases = (
				C4C3F009280AC1C900D4FFFE /* Sources */,
				C4C3F00A280AC1C900D4FFFE /* Frameworks */,
				C4C3F00B280AC1C900D4FFFE /* Resources */,
			);
			buildRules = (
			);
			dependencies = (
				C4C3F00F280AC1C900D4FFFE /* PBXTargetDependency */,
			);
			name = WidgetsYapisiUITests;
			productName = WidgetsYapisiUITests;
			productReference = C4C3F00D280AC1C900D4FFFE /* WidgetsYapisiUITests.xctest */;
			productType = "com.apple.product-type.bundle.ui-testing";
		};
/* End PBXNativeTarget section */

/* Begin PBXProject section */
		C4C3EFE5280AC1C800D4FFFE /* Project object */ = {
			isa = PBXProject;
			attributes = {
				BuildIndependentTargetsInParallel = 1;
				LastSwiftUpdateCheck = 1320;
				LastUpgradeCheck = 1320;
				TargetAttributes = {
					C4C3EFEC280AC1C800D4FFFE = {
						CreatedOnToolsVersion = 13.2.1;
					};
					C4C3F002280AC1C900D4FFFE = {
						CreatedOnToolsVersion = 13.2.1;
						TestTargetID = C4C3EFEC280AC1C800D4FFFE;
					};
					C4C3F00C280AC1C900D4FFFE = {
						CreatedOnToolsVersion = 13.2.1;
						TestTargetID = C4C3EFEC280AC1C800D4FFFE;
					};
				};
			};
			buildConfigurationList = C4C3EFE8280AC1C800D4FFFE /* Build configuration list for PBXProject "WidgetsYapisi" */;
			compatibilityVersion = "Xcode 13.0";
			developmentRegion = en;
			hasScannedForEncodings = 0;
			knownRegions = (
				en,
				Base,
			);
			mainGroup = C4C3EFE4280AC1C800D4FFFE;
			productRefGroup = C4C3EFEE280AC1C800D4FFFE /* Products */;
			projectDirPath = "";
			projectRoot = "";
			targets = (
				C4C3EFEC280AC1C800D4FFFE /* WidgetsYapisi */,
				C4C3F002280AC1C900D4FFFE /* WidgetsYapisiTests */,
				C4C3F00C280AC1C900D4FFFE /* WidgetsYapisiUITests */,
			);
		};
/* End PBXProject section */

/* Begin PBXResourcesBuildPhase section */
		C4C3EFEB280AC1C800D4FFFE /* Resources */ = {
			isa = PBXResourcesBuildPhase;
			buildActionMask = 2147483647;
			files = (
				C4C3EFFD280AC1C900D4FFFE /* LaunchScreen.storyboard in Resources */,
				C4C3EFFA280AC1C900D4FFFE /* Assets.xcassets in Resources */,
				C4C3EFF8280AC1C800D4FFFE /* Main.storyboard in Resources */,
			);
			runOnlyForDeploymentPostprocessing = 0;
		};
		C4C3F001280AC1C900D4FFFE /* Resources */ = {
			isa = PBXResourcesBuildPhase;
			buildActionMask = 2147483647;
			files = (
			);
			runOnlyForDeploymentPostprocessing = 0;
		};
		C4C3F00B280AC1C900D4FFFE /* Resources */ = {
			isa = PBXResourcesBuildPhase;
			buildActionMask = 2147483647;
			files = (
			);
			runOnlyForDeploymentPostprocessing = 0;
		};
/* End PBXResourcesBuildPhase section */

/* Begin PBXSourcesBuildPhase section */
		C4C3EFE9280AC1C800D4FFFE /* Sources */ = {
			isa = PBXSourcesBuildPhase;
			buildActionMask = 2147483647;
			files = (
				C4C3EFF5280AC1C800D4FFFE /* ViewController.swift in Sources */,
				C4C3EFF1280AC1C800D4FFFE /* AppDelegate.swift in Sources */,
				C4C3EFF3280AC1C800D4FFFE /* SceneDelegate.swift in Sources */,
			);
			runOnlyForDeploymentPostprocessing = 0;
		};
		C4C3EFFF280AC1C900D4FFFE /* Sources */ = {
			isa = PBXSourcesBuildPhase;
			buildActionMask = 2147483647;
			files = (
				C4C3F008280AC1C900D4FFFE /* WidgetsYapisiTests.swift in Sources */,
			);
			runOnlyForDeploymentPostprocessing = 0;
		};
		C4C3F009280AC1C900D4FFFE /* Sources */ = {
			isa = PBXSourcesBuildPhase;
			buildActionMask = 2147483647;
			files = (
				C4C3F012280AC1C900D4FFFE /* WidgetsYapisiUITests.swift in Sources */,
				C4C3F014280AC1C900D4FFFE /* WidgetsYapisiUITestsLaunchTests.swift in Sources */,
			);
			runOnlyForDeploymentPostprocessing = 0;
		};
/* End PBXSourcesBuildPhase section */

/* Begin PBXTargetDependency section */
		C4C3F005280AC1C900D4FFFE /* PBXTargetDependency */ = {
			isa = PBXTargetDependency;
			target = C4C3EFEC280AC1C800D4FFFE /* WidgetsYapisi */;
			targetProxy = C4C3F004280AC1C900D4FFFE /* PBXContainerItemProxy */;
		};
		C4C3F00F280AC1C900D4FFFE /* PBXTargetDependency */ = {
			isa = PBXTargetDependency;
			target = C4C3EFEC280AC1C800D4FFFE /* WidgetsYapisi */;
			targetProxy = C4C3F00E280AC1C900D4FFFE /* PBXContainerItemProxy */;
		};
/* End PBXTargetDependency section */

/* Begin PBXVariantGroup section */
		C4C3EFF6280AC1C800D4FFFE /* Main.storyboard */ = {
			isa = PBXVariantGroup;
			children = (
				C4C3EFF7280AC1C800D4FFFE /* Base */,
			);
			name = Main.storyboard;
			sourceTree = "<group>";
		};
		C4C3EFFB280AC1C900D4FFFE /* LaunchScreen.storyboard */ = {
			isa = PBXVariantGroup;
			children = (
				C4C3EFFC280AC1C900D4FFFE /* Base */,
			);
			name = LaunchScreen.storyboard;
			sourceTree = "<group>";
		};
/* End PBXVariantGroup section */

/* Begin XCBuildConfiguration section */
		C4C3F015280AC1C900D4FFFE /* Debug */ = {
			isa = XCBuildConfiguration;
			buildSettings = {
				ALWAYS_SEARCH_USER_PATHS = NO;
				CLANG_ANALYZER_NONNULL = YES;
				CLANG_ANALYZER_NUMBER_OBJECT_CONVERSION = YES_AGGRESSIVE;
				CLANG_CXX_LANGUAGE_STANDARD = "gnu++17";
				CLANG_CXX_LIBRARY = "libc++";
				CLANG_ENABLE_MODULES = YES;
				CLANG_ENABLE_OBJC_ARC = YES;
				CLANG_ENABLE_OBJC_WEAK = YES;
				CLANG_WARN_BLOCK_CAPTURE_AUTORELEASING = YES;
				CLANG_WARN_BOOL_CONVERSION = YES;
				CLANG_WARN_COMMA = YES;
				CLANG_WARN_CONSTANT_CONVERSION = YES;
				CLANG_WARN_DEPRECATED_OBJC_IMPLEMENTATIONS = YES;
				CLANG_WARN_DIRECT_OBJC_ISA_USAGE = YES_ERROR;
				CLANG_WARN_DOCUMENTATION_COMMENTS = YES;
				CLANG_WARN_EMPTY_BODY = YES;
				CLANG_WARN_ENUM_CONVERSION = YES;
				CLANG_WARN_INFINITE_RECURSION = YES;
				CLANG_WARN_INT_CONVERSION = YES;
				CLANG_WARN_NON_LITERAL_NULL_CONVERSION = YES;
				CLANG_WARN_OBJC_IMPLICIT_RETAIN_SELF = YES;
				CLANG_WARN_OBJC_LITERAL_CONVERSION = YES;
				CLANG_WARN_OBJC_ROOT_CLASS = YES_ERROR;
				CLANG_WARN_QUOTED_INCLUDE_IN_FRAMEWORK_HEADER = YES;
				CLANG_WARN_RANGE_LOOP_ANALYSIS = YES;
				CLANG_WARN_STRICT_PROTOTYPES = YES;
				CLANG_WARN_SUSPICIOUS_MOVE = YES;
				CLANG_WARN_UNGUARDED_AVAILABILITY = YES_AGGRESSIVE;
				CLANG_WARN_UNREACHABLE_CODE = YES;
				CLANG_WARN__DUPLICATE_METHOD_MATCH = YES;
				COPY_PHASE_STRIP = NO;
				DEBUG_INFORMATION_FORMAT = dwarf;
				ENABLE_STRICT_OBJC_MSGSEND = YES;
				ENABLE_TESTABILITY = YES;
				GCC_C_LANGUAGE_STANDARD = gnu11;
				GCC_DYNAMIC_NO_PIC = NO;
				GCC_NO_COMMON_BLOCKS = YES;
				GCC_OPTIMIZATION_LEVEL = 0;
				GCC_PREPROCESSOR_DEFINITIONS = (
					"DEBUG=1",
					"$(inherited)",
				);
				GCC_WARN_64_TO_32_BIT_CONVERSION = YES;
				GCC_WARN_ABOUT_RETURN_TYPE = YES_ERROR;
				GCC_WARN_UNDECLARED_SELECTOR = YES;
				GCC_WARN_UNINITIALIZED_AUTOS = YES_AGGRESSIVE;
				GCC_WARN_UNUSED_FUNCTION = YES;
				GCC_WARN_UNUSED_VARIABLE = YES;
				IPHONEOS_DEPLOYMENT_TARGET = 15.2;
				MTL_ENABLE_DEBUG_INFO = INCLUDE_SOURCE;
				MTL_FAST_MATH = YES;
				ONLY_ACTIVE_ARCH = YES;
				SDKROOT = iphoneos;
				SWIFT_ACTIVE_COMPILATION_CONDITIONS = DEBUG;
				SWIFT_OPTIMIZATION_LEVEL = "-Onone";
			};
			name = Debug;
		};
		C4C3F016280AC1C900D4FFFE /* Release */ = {
			isa = XCBuildConfiguration;
			buildSettings = {
				ALWAYS_SEARCH_USER_PATHS = NO;
				CLANG_ANALYZER_NONNULL = YES;
				CLANG_ANALYZER_NUMBER_OBJECT_CONVERSION = YES_AGGRESSIVE;
				CLANG_CXX_LANGUAGE_STANDARD = "gnu++17";
				CLANG_CXX_LIBRARY = "libc++";
				CLANG_ENABLE_MODULES = YES;
				CLANG_ENABLE_OBJC_ARC = YES;
				CLANG_ENABLE_OBJC_WEAK = YES;
				CLANG_WARN_BLOCK_CAPTURE_AUTORELEASING = YES;
				CLANG_WARN_BOOL_CONVERSION = YES;
				CLANG_WARN_COMMA = YES;
				CLANG_WARN_CONSTANT_CONVERSION = YES;
				CLANG_WARN_DEPRECATED_OBJC_IMPLEMENTATIONS = YES;
				CLANG_WARN_DIRECT_OBJC_ISA_USAGE = YES_ERROR;
				CLANG_WARN_DOCUMENTATION_COMMENTS = YES;
				CLANG_WARN_EMPTY_BODY = YES;
				CLANG_WARN_ENUM_CONVERSION = YES;
				CLANG_WARN_INFINITE_RECURSION = YES;
				CLANG_WARN_INT_CONVERSION = YES;
				CLANG_WARN_NON_LITERAL_NULL_CONVERSION = YES;
				CLANG_WARN_OBJC_IMPLICIT_RETAIN_SELF = YES;
				CLANG_WARN_OBJC_LITERAL_CONVERSION = YES;
				CLANG_WARN_OBJC_ROOT_CLASS = YES_ERROR;
				CLANG_WARN_QUOTED_INCLUDE_IN_FRAMEWORK_HEADER = YES;
				CLANG_WARN_RANGE_LOOP_ANALYSIS = YES;
				CLANG_WARN_STRICT_PROTOTYPES = YES;
				CLANG_WARN_SUSPICIOUS_MOVE = YES;
				CLANG_WARN_UNGUARDED_AVAILABILITY = YES_AGGRESSIVE;
				CLANG_WARN_UNREACHABLE_CODE = YES;
				CLANG_WARN__DUPLICATE_METHOD_MATCH = YES;
				COPY_PHASE_STRIP = NO;
				DEBUG_INFORMATION_FORMAT = "dwarf-with-dsym";
				ENABLE_NS_ASSERTIONS = NO;
				ENABLE_STRICT_OBJC_MSGSEND = YES;
				GCC_C_LANGUAGE_STANDARD = gnu11;
				GCC_NO_COMMON_BLOCKS = YES;
				GCC_WARN_64_TO_32_BIT_CONVERSION = YES;
				GCC_WARN_ABOUT_RETURN_TYPE = YES_ERROR;
				GCC_WARN_UNDECLARED_SELECTOR = YES;
				GCC_WARN_UNINITIALIZED_AUTOS = YES_AGGRESSIVE;
				GCC_WARN_UNUSED_FUNCTION = YES;
				GCC_WARN_UNUSED_VARIABLE = YES;
				IPHONEOS_DEPLOYMENT_TARGET = 15.2;
				MTL_ENABLE_DEBUG_INFO = NO;
				MTL_FAST_MATH = YES;
				SDKROOT = iphoneos;
				SWIFT_COMPILATION_MODE = wholemodule;
				SWIFT_OPTIMIZATION_LEVEL = "-O";
				VALIDATE_PRODUCT = YES;
			};
			name = Release;
		};
		C4C3F018280AC1C900D4FFFE /* Debug */ = {
			isa = XCBuildConfiguration;
			buildSettings = {
				ASSETCATALOG_COMPILER_APPICON_NAME = AppIcon;
				ASSETCATALOG_COMPILER_GLOBAL_ACCENT_COLOR_NAME = AccentColor;
				CODE_SIGN_STYLE = Automatic;
				CURRENT_PROJECT_VERSION = 1;
				DEVELOPMENT_TEAM = CRW4G98LL8;
				GENERATE_INFOPLIST_FILE = YES;
				INFOPLIST_FILE = WidgetsYapisi/Info.plist;
				INFOPLIST_KEY_UIApplicationSupportsIndirectInputEvents = YES;
				INFOPLIST_KEY_UILaunchStoryboardName = LaunchScreen;
				INFOPLIST_KEY_UIMainStoryboardFile = Main;
				INFOPLIST_KEY_UISupportedInterfaceOrientations_iPad = "UIInterfaceOrientationPortrait UIInterfaceOrientationPortraitUpsideDown UIInterfaceOrientationLandscapeLeft UIInterfaceOrientationLandscapeRight";
				INFOPLIST_KEY_UISupportedInterfaceOrientations_iPhone = "UIInterfaceOrientationPortrait UIInterfaceOrientationLandscapeLeft UIInterfaceOrientationLandscapeRight";
				LD_RUNPATH_SEARCH_PATHS = (
					"$(inherited)",
					"@executable_path/Frameworks",
				);
				MARKETING_VERSION = 1.0;
				PRODUCT_BUNDLE_IDENTIFIER = com.gizemturker.WidgetsYapisi;
				PRODUCT_NAME = "$(TARGET_NAME)";
				SWIFT_EMIT_LOC_STRINGS = YES;
				SWIFT_VERSION = 5.0;
				TARGETED_DEVICE_FAMILY = "1,2";
			};
			name = Debug;
		};
		C4C3F019280AC1C900D4FFFE /* Release */ = {
			isa = XCBuildConfiguration;
			buildSettings = {
				ASSETCATALOG_COMPILER_APPICON_NAME = AppIcon;
				ASSETCATALOG_COMPILER_GLOBAL_ACCENT_COLOR_NAME = AccentColor;
				CODE_SIGN_STYLE = Automatic;
				CURRENT_PROJECT_VERSION = 1;
				DEVELOPMENT_TEAM = CRW4G98LL8;
				GENERATE_INFOPLIST_FILE = YES;
				INFOPLIST_FILE = WidgetsYapisi/Info.plist;
				INFOPLIST_KEY_UIApplicationSupportsIndirectInputEvents = YES;
				INFOPLIST_KEY_UILaunchStoryboardName = LaunchScreen;
				INFOPLIST_KEY_UIMainStoryboardFile = Main;
				INFOPLIST_KEY_UISupportedInterfaceOrientations_iPad = "UIInterfaceOrientationPortrait UIInterfaceOrientationPortraitUpsideDown UIInterfaceOrientationLandscapeLeft UIInterfaceOrientationLandscapeRight";
				INFOPLIST_KEY_UISupportedInterfaceOrientations_iPhone = "UIInterfaceOrientationPortrait UIInterfaceOrientationLandscapeLeft UIInterfaceOrientationLandscapeRight";
				LD_RUNPATH_SEARCH_PATHS = (
					"$(inherited)",
					"@executable_path/Frameworks",
				);
				MARKETING_VERSION = 1.0;
				PRODUCT_BUNDLE_IDENTIFIER = com.gizemturker.WidgetsYapisi;
				PRODUCT_NAME = "$(TARGET_NAME)";
				SWIFT_EMIT_LOC_STRINGS = YES;
				SWIFT_VERSION = 5.0;
				TARGETED_DEVICE_FAMILY = "1,2";
			};
			name = Release;
		};
		C4C3F01B280AC1C900D4FFFE /* Debug */ = {
			isa = XCBuildConfiguration;
			buildSettings = {
				ALWAYS_EMBED_SWIFT_STANDARD_LIBRARIES = YES;
				BUNDLE_LOADER = "$(TEST_HOST)";
				CODE_SIGN_STYLE = Automatic;
				CURRENT_PROJECT_VERSION = 1;
				DEVELOPMENT_TEAM = CRW4G98LL8;
				GENERATE_INFOPLIST_FILE = YES;
				IPHONEOS_DEPLOYMENT_TARGET = 15.2;
				MARKETING_VERSION = 1.0;
				PRODUCT_BUNDLE_IDENTIFIER = com.gizemturker.WidgetsYapisiTests;
				PRODUCT_NAME = "$(TARGET_NAME)";
				SWIFT_EMIT_LOC_STRINGS = NO;
				SWIFT_VERSION = 5.0;
				TARGETED_DEVICE_FAMILY = "1,2";
				TEST_HOST = "$(BUILT_PRODUCTS_DIR)/WidgetsYapisi.app/WidgetsYapisi";
			};
			name = Debug;
		};
		C4C3F01C280AC1C900D4FFFE /* Release */ = {
			isa = XCBuildConfiguration;
			buildSettings = {
				ALWAYS_EMBED_SWIFT_STANDARD_LIBRARIES = YES;
				BUNDLE_LOADER = "$(TEST_HOST)";
				CODE_SIGN_STYLE = Automatic;
				CURRENT_PROJECT_VERSION = 1;
				DEVELOPMENT_TEAM = CRW4G98LL8;
				GENERATE_INFOPLIST_FILE = YES;
				IPHONEOS_DEPLOYMENT_TARGET = 15.2;
				MARKETING_VERSION = 1.0;
				PRODUCT_BUNDLE_IDENTIFIER = com.gizemturker.WidgetsYapisiTests;
				PRODUCT_NAME = "$(TARGET_NAME)";
				SWIFT_EMIT_LOC_STRINGS = NO;
				SWIFT_VERSION = 5.0;
				TARGETED_DEVICE_FAMILY = "1,2";
				TEST_HOST = "$(BUILT_PRODUCTS_DIR)/WidgetsYapisi.app/WidgetsYapisi";
			};
			name = Release;
		};
		C4C3F01E280AC1C900D4FFFE /* Debug */ = {
			isa = XCBuildConfiguration;
			buildSettings = {
				ALWAYS_EMBED_SWIFT_STANDARD_LIBRARIES = YES;
				CODE_SIGN_STYLE = Automatic;
				CURRENT_PROJECT_VERSION = 1;
				DEVELOPMENT_TEAM = CRW4G98LL8;
				GENERATE_INFOPLIST_FILE = YES;
				MARKETING_VERSION = 1.0;
				PRODUCT_BUNDLE_IDENTIFIER = com.gizemturker.WidgetsYapisiUITests;
				PRODUCT_NAME = "$(TARGET_NAME)";
				SWIFT_EMIT_LOC_STRINGS = NO;
				SWIFT_VERSION = 5.0;
				TARGETED_DEVICE_FAMILY = "1,2";
				TEST_TARGET_NAME = WidgetsYapisi;
			};
			name = Debug;
		};
		C4C3F01F280AC1C900D4FFFE /* Release */ = {
			isa = XCBuildConfiguration;
			buildSettings = {
				ALWAYS_EMBED_SWIFT_STANDARD_LIBRARIES = YES;
				CODE_SIGN_STYLE = Automatic;
				CURRENT_PROJECT_VERSION = 1;
				DEVELOPMENT_TEAM = CRW4G98LL8;
				GENERATE_INFOPLIST_FILE = YES;
				MARKETING_VERSION = 1.0;
				PRODUCT_BUNDLE_IDENTIFIER = com.gizemturker.WidgetsYapisiUITests;
				PRODUCT_NAME = "$(TARGET_NAME)";
				SWIFT_EMIT_LOC_STRINGS = NO;
				SWIFT_VERSION = 5.0;
				TARGETED_DEVICE_FAMILY = "1,2";
				TEST_TARGET_NAME = WidgetsYapisi;
			};
			name = Release;
		};
/* End XCBuildConfiguration section */

/* Begin XCConfigurationList section */
		C4C3EFE8280AC1C800D4FFFE /* Build configuration list for PBXProject "WidgetsYapisi" */ = {
			isa = XCConfigurationList;
			buildConfigurations = (
				C4C3F015280AC1C900D4FFFE /* Debug */,
				C4C3F016280AC1C900D4FFFE /* Release */,
			);
			defaultConfigurationIsVisible = 0;
			defaultConfigurationName = Release;
		};
		C4C3F017280AC1C900D4FFFE /* Build configuration list for PBXNativeTarget "WidgetsYapisi" */ = {
			isa = XCConfigurationList;
			buildConfigurations = (
				C4C3F018280AC1C900D4FFFE /* Debug */,
				C4C3F019280AC1C900D4FFFE /* Release */,
			);
			defaultConfigurationIsVisible = 0;
			defaultConfigurationName = Release;
		};
		C4C3F01A280AC1C900D4FFFE /* Build configuration list for PBXNativeTarget "WidgetsYapisiTests" */ = {
			isa = XCConfigurationList;
			buildConfigurations = (
				C4C3F01B280AC1C900D4FFFE /* Debug */,
				C4C3F01C280AC1C900D4FFFE /* Release */,
			);
			defaultConfigurationIsVisible = 0;
			defaultConfigurationName = Release;
		};
		C4C3F01D280AC1C900D4FFFE /* Build configuration list for PBXNativeTarget "WidgetsYapisiUITests" */ = {
			isa = XCConfigurationList;
			buildConfigurations = (
				C4C3F01E280AC1C900D4FFFE /* Debug */,
				C4C3F01F280AC1C900D4FFFE /* Release */,
			);
			defaultConfigurationIsVisible = 0;
			defaultConfigurationName = Release;
		};
/* End XCConfigurationList section */
	};
	rootObject = C4C3EFE5280AC1C800D4FFFE /* Project object */;
}
