// !$*UTF8*$!
{
	archiveVersion = 1;
	classes = {
	};
	objectVersion = 55;
	objects = {

/* Begin PBXBuildFile section */
		C40605B4280C3521001C9DB6 /* KisiKayitVC.swift in Sources */ = {isa = PBXBuildFile; fileRef = C40605B3280C3521001C9DB6 /* KisiKayitVC.swift */; };
		C40605B6280C3563001C9DB6 /* KisiDetayVC.swift in Sources */ = {isa = PBXBuildFile; fileRef = C40605B5280C3563001C9DB6 /* KisiDetayVC.swift */; };
		C40605B8280C43C2001C9DB6 /* Kisiler.swift in Sources */ = {isa = PBXBuildFile; fileRef = C40605B7280C43C2001C9DB6 /* Kisiler.swift */; };
		C4AA0DA4280C0AB00001F67B /* AppDelegate.swift in Sources */ = {isa = PBXBuildFile; fileRef = C4AA0DA3280C0AB00001F67B /* AppDelegate.swift */; };
		C4AA0DA6280C0AB00001F67B /* SceneDelegate.swift in Sources */ = {isa = PBXBuildFile; fileRef = C4AA0DA5280C0AB00001F67B /* SceneDelegate.swift */; };
		C4AA0DA8280C0AB00001F67B /* AnasayfaVC.swift in Sources */ = {isa = PBXBuildFile; fileRef = C4AA0DA7280C0AB00001F67B /* AnasayfaVC.swift */; };
		C4AA0DAB280C0AB00001F67B /* Main.storyboard in Resources */ = {isa = PBXBuildFile; fileRef = C4AA0DA9280C0AB00001F67B /* Main.storyboard */; };
		C4AA0DAD280C0AB00001F67B /* Assets.xcassets in Resources */ = {isa = PBXBuildFile; fileRef = C4AA0DAC280C0AB00001F67B /* Assets.xcassets */; };
		C4AA0DB0280C0AB00001F67B /* LaunchScreen.storyboard in Resources */ = {isa = PBXBuildFile; fileRef = C4AA0DAE280C0AB00001F67B /* LaunchScreen.storyboard */; };
		C4AA0DBB280C0AB00001F67B /* KisilerUygulamasiTests.swift in Sources */ = {isa = PBXBuildFile; fileRef = C4AA0DBA280C0AB00001F67B /* KisilerUygulamasiTests.swift */; };
		C4AA0DC5280C0AB00001F67B /* KisilerUygulamasiUITests.swift in Sources */ = {isa = PBXBuildFile; fileRef = C4AA0DC4280C0AB00001F67B /* KisilerUygulamasiUITests.swift */; };
		C4AA0DC7280C0AB00001F67B /* KisilerUygulamasiUITestsLaunchTests.swift in Sources */ = {isa = PBXBuildFile; fileRef = C4AA0DC6280C0AB00001F67B /* KisilerUygulamasiUITestsLaunchTests.swift */; };
/* End PBXBuildFile section */

/* Begin PBXContainerItemProxy section */
		C4AA0DB7280C0AB00001F67B /* PBXContainerItemProxy */ = {
			isa = PBXContainerItemProxy;
			containerPortal = C4AA0D98280C0AB00001F67B /* Project object */;
			proxyType = 1;
			remoteGlobalIDString = C4AA0D9F280C0AB00001F67B;
			remoteInfo = KisilerUygulamasi;
		};
		C4AA0DC1280C0AB00001F67B /* PBXContainerItemProxy */ = {
			isa = PBXContainerItemProxy;
			containerPortal = C4AA0D98280C0AB00001F67B /* Project object */;
			proxyType = 1;
			remoteGlobalIDString = C4AA0D9F280C0AB00001F67B;
			remoteInfo = KisilerUygulamasi;
		};
/* End PBXContainerItemProxy section */

/* Begin PBXFileReference section */
		C40605B3280C3521001C9DB6 /* KisiKayitVC.swift */ = {isa = PBXFileReference; lastKnownFileType = sourcecode.swift; path = KisiKayitVC.swift; sourceTree = "<group>"; };
		C40605B5280C3563001C9DB6 /* KisiDetayVC.swift */ = {isa = PBXFileReference; lastKnownFileType = sourcecode.swift; path = KisiDetayVC.swift; sourceTree = "<group>"; };
		C40605B7280C43C2001C9DB6 /* Kisiler.swift */ = {isa = PBXFileReference; lastKnownFileType = sourcecode.swift; path = Kisiler.swift; sourceTree = "<group>"; };
		C4AA0DA0280C0AB00001F67B /* KisilerUygulamasi.app */ = {isa = PBXFileReference; explicitFileType = wrapper.application; includeInIndex = 0; path = KisilerUygulamasi.app; sourceTree = BUILT_PRODUCTS_DIR; };
		C4AA0DA3280C0AB00001F67B /* AppDelegate.swift */ = {isa = PBXFileReference; lastKnownFileType = sourcecode.swift; path = AppDelegate.swift; sourceTree = "<group>"; };
		C4AA0DA5280C0AB00001F67B /* SceneDelegate.swift */ = {isa = PBXFileReference; lastKnownFileType = sourcecode.swift; path = SceneDelegate.swift; sourceTree = "<group>"; };
		C4AA0DA7280C0AB00001F67B /* AnasayfaVC.swift */ = {isa = PBXFileReference; lastKnownFileType = sourcecode.swift; path = AnasayfaVC.swift; sourceTree = "<group>"; };
		C4AA0DAA280C0AB00001F67B /* Base */ = {isa = PBXFileReference; lastKnownFileType = file.storyboard; name = Base; path = Base.lproj/Main.storyboard; sourceTree = "<group>"; };
		C4AA0DAC280C0AB00001F67B /* Assets.xcassets */ = {isa = PBXFileReference; lastKnownFileType = folder.assetcatalog; path = Assets.xcassets; sourceTree = "<group>"; };
		C4AA0DAF280C0AB00001F67B /* Base */ = {isa = PBXFileReference; lastKnownFileType = file.storyboard; name = Base; path = Base.lproj/LaunchScreen.storyboard; sourceTree = "<group>"; };
		C4AA0DB1280C0AB00001F67B /* Info.plist */ = {isa = PBXFileReference; lastKnownFileType = text.plist.xml; path = Info.plist; sourceTree = "<group>"; };
		C4AA0DB6280C0AB00001F67B /* KisilerUygulamasiTests.xctest */ = {isa = PBXFileReference; explicitFileType = wrapper.cfbundle; includeInIndex = 0; path = KisilerUygulamasiTests.xctest; sourceTree = BUILT_PRODUCTS_DIR; };
		C4AA0DBA280C0AB00001F67B /* KisilerUygulamasiTests.swift */ = {isa = PBXFileReference; lastKnownFileType = sourcecode.swift; path = KisilerUygulamasiTests.swift; sourceTree = "<group>"; };
		C4AA0DC0280C0AB00001F67B /* KisilerUygulamasiUITests.xctest */ = {isa = PBXFileReference; explicitFileType = wrapper.cfbundle; includeInIndex = 0; path = KisilerUygulamasiUITests.xctest; sourceTree = BUILT_PRODUCTS_DIR; };
		C4AA0DC4280C0AB00001F67B /* KisilerUygulamasiUITests.swift */ = {isa = PBXFileReference; lastKnownFileType = sourcecode.swift; path = KisilerUygulamasiUITests.swift; sourceTree = "<group>"; };
		C4AA0DC6280C0AB00001F67B /* KisilerUygulamasiUITestsLaunchTests.swift */ = {isa = PBXFileReference; lastKnownFileType = sourcecode.swift; path = KisilerUygulamasiUITestsLaunchTests.swift; sourceTree = "<group>"; };
/* End PBXFileReference section */

/* Begin PBXFrameworksBuildPhase section */
		C4AA0D9D280C0AB00001F67B /* Frameworks */ = {
			isa = PBXFrameworksBuildPhase;
			buildActionMask = 2147483647;
			files = (
			);
			runOnlyForDeploymentPostprocessing = 0;
		};
		C4AA0DB3280C0AB00001F67B /* Frameworks */ = {
			isa = PBXFrameworksBuildPhase;
			buildActionMask = 2147483647;
			files = (
			);
			runOnlyForDeploymentPostprocessing = 0;
		};
		C4AA0DBD280C0AB00001F67B /* Frameworks */ = {
			isa = PBXFrameworksBuildPhase;
			buildActionMask = 2147483647;
			files = (
			);
			runOnlyForDeploymentPostprocessing = 0;
		};
/* End PBXFrameworksBuildPhase section */

/* Begin PBXGroup section */
		C4AA0D97280C0AB00001F67B = {
			isa = PBXGroup;
			children = (
				C4AA0DA2280C0AB00001F67B /* KisilerUygulamasi */,
				C4AA0DB9280C0AB00001F67B /* KisilerUygulamasiTests */,
				C4AA0DC3280C0AB00001F67B /* KisilerUygulamasiUITests */,
				C4AA0DA1280C0AB00001F67B /* Products */,
			);
			sourceTree = "<group>";
		};
		C4AA0DA1280C0AB00001F67B /* Products */ = {
			isa = PBXGroup;
			children = (
				C4AA0DA0280C0AB00001F67B /* KisilerUygulamasi.app */,
				C4AA0DB6280C0AB00001F67B /* KisilerUygulamasiTests.xctest */,
				C4AA0DC0280C0AB00001F67B /* KisilerUygulamasiUITests.xctest */,
			);
			name = Products;
			sourceTree = "<group>";
		};
		C4AA0DA2280C0AB00001F67B /* KisilerUygulamasi */ = {
			isa = PBXGroup;
			children = (
				C4AA0DA3280C0AB00001F67B /* AppDelegate.swift */,
				C4AA0DA5280C0AB00001F67B /* SceneDelegate.swift */,
				C4AA0DA7280C0AB00001F67B /* AnasayfaVC.swift */,
				C40605B3280C3521001C9DB6 /* KisiKayitVC.swift */,
				C40605B7280C43C2001C9DB6 /* Kisiler.swift */,
				C40605B5280C3563001C9DB6 /* KisiDetayVC.swift */,
				C4AA0DA9280C0AB00001F67B /* Main.storyboard */,
				C4AA0DAC280C0AB00001F67B /* Assets.xcassets */,
				C4AA0DAE280C0AB00001F67B /* LaunchScreen.storyboard */,
				C4AA0DB1280C0AB00001F67B /* Info.plist */,
			);
			path = KisilerUygulamasi;
			sourceTree = "<group>";
		};
		C4AA0DB9280C0AB00001F67B /* KisilerUygulamasiTests */ = {
			isa = PBXGroup;
			children = (
				C4AA0DBA280C0AB00001F67B /* KisilerUygulamasiTests.swift */,
			);
			path = KisilerUygulamasiTests;
			sourceTree = "<group>";
		};
		C4AA0DC3280C0AB00001F67B /* KisilerUygulamasiUITests */ = {
			isa = PBXGroup;
			children = (
				C4AA0DC4280C0AB00001F67B /* KisilerUygulamasiUITests.swift */,
				C4AA0DC6280C0AB00001F67B /* KisilerUygulamasiUITestsLaunchTests.swift */,
			);
			path = KisilerUygulamasiUITests;
			sourceTree = "<group>";
		};
/* End PBXGroup section */

/* Begin PBXNativeTarget section */
		C4AA0D9F280C0AB00001F67B /* KisilerUygulamasi */ = {
			isa = PBXNativeTarget;
			buildConfigurationList = C4AA0DCA280C0AB00001F67B /* Build configuration list for PBXNativeTarget "KisilerUygulamasi" */;
			buildPhases = (
				C4AA0D9C280C0AB00001F67B /* Sources */,
				C4AA0D9D280C0AB00001F67B /* Frameworks */,
				C4AA0D9E280C0AB00001F67B /* Resources */,
			);
			buildRules = (
			);
			dependencies = (
			);
			name = KisilerUygulamasi;
			productName = KisilerUygulamasi;
			productReference = C4AA0DA0280C0AB00001F67B /* KisilerUygulamasi.app */;
			productType = "com.apple.product-type.application";
		};
		C4AA0DB5280C0AB00001F67B /* KisilerUygulamasiTests */ = {
			isa = PBXNativeTarget;
			buildConfigurationList = C4AA0DCD280C0AB00001F67B /* Build configuration list for PBXNativeTarget "KisilerUygulamasiTests" */;
			buildPhases = (
				C4AA0DB2280C0AB00001F67B /* Sources */,
				C4AA0DB3280C0AB00001F67B /* Frameworks */,
				C4AA0DB4280C0AB00001F67B /* Resources */,
			);
			buildRules = (
			);
			dependencies = (
				C4AA0DB8280C0AB00001F67B /* PBXTargetDependency */,
			);
			name = KisilerUygulamasiTests;
			productName = KisilerUygulamasiTests;
			productReference = C4AA0DB6280C0AB00001F67B /* KisilerUygulamasiTests.xctest */;
			productType = "com.apple.product-type.bundle.unit-test";
		};
		C4AA0DBF280C0AB00001F67B /* KisilerUygulamasiUITests */ = {
			isa = PBXNativeTarget;
			buildConfigurationList = C4AA0DD0280C0AB00001F67B /* Build configuration list for PBXNativeTarget "KisilerUygulamasiUITests" */;
			buildPhases = (
				C4AA0DBC280C0AB00001F67B /* Sources */,
				C4AA0DBD280C0AB00001F67B /* Frameworks */,
				C4AA0DBE280C0AB00001F67B /* Resources */,
			);
			buildRules = (
			);
			dependencies = (
				C4AA0DC2280C0AB00001F67B /* PBXTargetDependency */,
			);
			name = KisilerUygulamasiUITests;
			productName = KisilerUygulamasiUITests;
			productReference = C4AA0DC0280C0AB00001F67B /* KisilerUygulamasiUITests.xctest */;
			productType = "com.apple.product-type.bundle.ui-testing";
		};
/* End PBXNativeTarget section */

/* Begin PBXProject section */
		C4AA0D98280C0AB00001F67B /* Project object */ = {
			isa = PBXProject;
			attributes = {
				BuildIndependentTargetsInParallel = 1;
				LastSwiftUpdateCheck = 1320;
				LastUpgradeCheck = 1320;
				TargetAttributes = {
					C4AA0D9F280C0AB00001F67B = {
						CreatedOnToolsVersion = 13.2.1;
					};
					C4AA0DB5280C0AB00001F67B = {
						CreatedOnToolsVersion = 13.2.1;
						TestTargetID = C4AA0D9F280C0AB00001F67B;
					};
					C4AA0DBF280C0AB00001F67B = {
						CreatedOnToolsVersion = 13.2.1;
						TestTargetID = C4AA0D9F280C0AB00001F67B;
					};
				};
			};
			buildConfigurationList = C4AA0D9B280C0AB00001F67B /* Build configuration list for PBXProject "KisilerUygulamasi" */;
			compatibilityVersion = "Xcode 13.0";
			developmentRegion = en;
			hasScannedForEncodings = 0;
			knownRegions = (
				en,
				Base,
			);
			mainGroup = C4AA0D97280C0AB00001F67B;
			productRefGroup = C4AA0DA1280C0AB00001F67B /* Products */;
			projectDirPath = "";
			projectRoot = "";
			targets = (
				C4AA0D9F280C0AB00001F67B /* KisilerUygulamasi */,
				C4AA0DB5280C0AB00001F67B /* KisilerUygulamasiTests */,
				C4AA0DBF280C0AB00001F67B /* KisilerUygulamasiUITests */,
			);
		};
/* End PBXProject section */

/* Begin PBXResourcesBuildPhase section */
		C4AA0D9E280C0AB00001F67B /* Resources */ = {
			isa = PBXResourcesBuildPhase;
			buildActionMask = 2147483647;
			files = (
				C4AA0DB0280C0AB00001F67B /* LaunchScreen.storyboard in Resources */,
				C4AA0DAD280C0AB00001F67B /* Assets.xcassets in Resources */,
				C4AA0DAB280C0AB00001F67B /* Main.storyboard in Resources */,
			);
			runOnlyForDeploymentPostprocessing = 0;
		};
		C4AA0DB4280C0AB00001F67B /* Resources */ = {
			isa = PBXResourcesBuildPhase;
			buildActionMask = 2147483647;
			files = (
			);
			runOnlyForDeploymentPostprocessing = 0;
		};
		C4AA0DBE280C0AB00001F67B /* Resources */ = {
			isa = PBXResourcesBuildPhase;
			buildActionMask = 2147483647;
			files = (
			);
			runOnlyForDeploymentPostprocessing = 0;
		};
/* End PBXResourcesBuildPhase section */

/* Begin PBXSourcesBuildPhase section */
		C4AA0D9C280C0AB00001F67B /* Sources */ = {
			isa = PBXSourcesBuildPhase;
			buildActionMask = 2147483647;
			files = (
				C40605B6280C3563001C9DB6 /* KisiDetayVC.swift in Sources */,
				C4AA0DA8280C0AB00001F67B /* AnasayfaVC.swift in Sources */,
				C4AA0DA4280C0AB00001F67B /* AppDelegate.swift in Sources */,
				C4AA0DA6280C0AB00001F67B /* SceneDelegate.swift in Sources */,
				C40605B4280C3521001C9DB6 /* KisiKayitVC.swift in Sources */,
				C40605B8280C43C2001C9DB6 /* Kisiler.swift in Sources */,
			);
			runOnlyForDeploymentPostprocessing = 0;
		};
		C4AA0DB2280C0AB00001F67B /* Sources */ = {
			isa = PBXSourcesBuildPhase;
			buildActionMask = 2147483647;
			files = (
				C4AA0DBB280C0AB00001F67B /* KisilerUygulamasiTests.swift in Sources */,
			);
			runOnlyForDeploymentPostprocessing = 0;
		};
		C4AA0DBC280C0AB00001F67B /* Sources */ = {
			isa = PBXSourcesBuildPhase;
			buildActionMask = 2147483647;
			files = (
				C4AA0DC5280C0AB00001F67B /* KisilerUygulamasiUITests.swift in Sources */,
				C4AA0DC7280C0AB00001F67B /* KisilerUygulamasiUITestsLaunchTests.swift in Sources */,
			);
			runOnlyForDeploymentPostprocessing = 0;
		};
/* End PBXSourcesBuildPhase section */

/* Begin PBXTargetDependency section */
		C4AA0DB8280C0AB00001F67B /* PBXTargetDependency */ = {
			isa = PBXTargetDependency;
			target = C4AA0D9F280C0AB00001F67B /* KisilerUygulamasi */;
			targetProxy = C4AA0DB7280C0AB00001F67B /* PBXContainerItemProxy */;
		};
		C4AA0DC2280C0AB00001F67B /* PBXTargetDependency */ = {
			isa = PBXTargetDependency;
			target = C4AA0D9F280C0AB00001F67B /* KisilerUygulamasi */;
			targetProxy = C4AA0DC1280C0AB00001F67B /* PBXContainerItemProxy */;
		};
/* End PBXTargetDependency section */

/* Begin PBXVariantGroup section */
		C4AA0DA9280C0AB00001F67B /* Main.storyboard */ = {
			isa = PBXVariantGroup;
			children = (
				C4AA0DAA280C0AB00001F67B /* Base */,
			);
			name = Main.storyboard;
			sourceTree = "<group>";
		};
		C4AA0DAE280C0AB00001F67B /* LaunchScreen.storyboard */ = {
			isa = PBXVariantGroup;
			children = (
				C4AA0DAF280C0AB00001F67B /* Base */,
			);
			name = LaunchScreen.storyboard;
			sourceTree = "<group>";
		};
/* End PBXVariantGroup section */

/* Begin XCBuildConfiguration section */
		C4AA0DC8280C0AB00001F67B /* Debug */ = {
			isa = XCBuildConfiguration;
			buildSettings = {
				ALWAYS_SEARCH_USER_PATHS = NO;
				CLANG_ANALYZER_NONNULL = YES;
				CLANG_ANALYZER_NUMBER_OBJECT_CONVERSION = YES_AGGRESSIVE;
				CLANG_CXX_LANGUAGE_STANDARD = "gnu++17";
				CLANG_CXX_LIBRARY = "libc++";
				CLANG_ENABLE_MODULES = YES;
				CLANG_ENABLE_OBJC_ARC = YES;
				CLANG_ENABLE_OBJC_WEAK = YES;
				CLANG_WARN_BLOCK_CAPTURE_AUTORELEASING = YES;
				CLANG_WARN_BOOL_CONVERSION = YES;
				CLANG_WARN_COMMA = YES;
				CLANG_WARN_CONSTANT_CONVERSION = YES;
				CLANG_WARN_DEPRECATED_OBJC_IMPLEMENTATIONS = YES;
				CLANG_WARN_DIRECT_OBJC_ISA_USAGE = YES_ERROR;
				CLANG_WARN_DOCUMENTATION_COMMENTS = YES;
				CLANG_WARN_EMPTY_BODY = YES;
				CLANG_WARN_ENUM_CONVERSION = YES;
				CLANG_WARN_INFINITE_RECURSION = YES;
				CLANG_WARN_INT_CONVERSION = YES;
				CLANG_WARN_NON_LITERAL_NULL_CONVERSION = YES;
				CLANG_WARN_OBJC_IMPLICIT_RETAIN_SELF = YES;
				CLANG_WARN_OBJC_LITERAL_CONVERSION = YES;
				CLANG_WARN_OBJC_ROOT_CLASS = YES_ERROR;
				CLANG_WARN_QUOTED_INCLUDE_IN_FRAMEWORK_HEADER = YES;
				CLANG_WARN_RANGE_LOOP_ANALYSIS = YES;
				CLANG_WARN_STRICT_PROTOTYPES = YES;
				CLANG_WARN_SUSPICIOUS_MOVE = YES;
				CLANG_WARN_UNGUARDED_AVAILABILITY = YES_AGGRESSIVE;
				CLANG_WARN_UNREACHABLE_CODE = YES;
				CLANG_WARN__DUPLICATE_METHOD_MATCH = YES;
				COPY_PHASE_STRIP = NO;
				DEBUG_INFORMATION_FORMAT = dwarf;
				ENABLE_STRICT_OBJC_MSGSEND = YES;
				ENABLE_TESTABILITY = YES;
				GCC_C_LANGUAGE_STANDARD = gnu11;
				GCC_DYNAMIC_NO_PIC = NO;
				GCC_NO_COMMON_BLOCKS = YES;
				GCC_OPTIMIZATION_LEVEL = 0;
				GCC_PREPROCESSOR_DEFINITIONS = (
					"DEBUG=1",
					"$(inherited)",
				);
				GCC_WARN_64_TO_32_BIT_CONVERSION = YES;
				GCC_WARN_ABOUT_RETURN_TYPE = YES_ERROR;
				GCC_WARN_UNDECLARED_SELECTOR = YES;
				GCC_WARN_UNINITIALIZED_AUTOS = YES_AGGRESSIVE;
				GCC_WARN_UNUSED_FUNCTION = YES;
				GCC_WARN_UNUSED_VARIABLE = YES;
				IPHONEOS_DEPLOYMENT_TARGET = 15.2;
				MTL_ENABLE_DEBUG_INFO = INCLUDE_SOURCE;
				MTL_FAST_MATH = YES;
				ONLY_ACTIVE_ARCH = YES;
				SDKROOT = iphoneos;
				SWIFT_ACTIVE_COMPILATION_CONDITIONS = DEBUG;
				SWIFT_OPTIMIZATION_LEVEL = "-Onone";
			};
			name = Debug;
		};
		C4AA0DC9280C0AB00001F67B /* Release */ = {
			isa = XCBuildConfiguration;
			buildSettings = {
				ALWAYS_SEARCH_USER_PATHS = NO;
				CLANG_ANALYZER_NONNULL = YES;
				CLANG_ANALYZER_NUMBER_OBJECT_CONVERSION = YES_AGGRESSIVE;
				CLANG_CXX_LANGUAGE_STANDARD = "gnu++17";
				CLANG_CXX_LIBRARY = "libc++";
				CLANG_ENABLE_MODULES = YES;
				CLANG_ENABLE_OBJC_ARC = YES;
				CLANG_ENABLE_OBJC_WEAK = YES;
				CLANG_WARN_BLOCK_CAPTURE_AUTORELEASING = YES;
				CLANG_WARN_BOOL_CONVERSION = YES;
				CLANG_WARN_COMMA = YES;
				CLANG_WARN_CONSTANT_CONVERSION = YES;
				CLANG_WARN_DEPRECATED_OBJC_IMPLEMENTATIONS = YES;
				CLANG_WARN_DIRECT_OBJC_ISA_USAGE = YES_ERROR;
				CLANG_WARN_DOCUMENTATION_COMMENTS = YES;
				CLANG_WARN_EMPTY_BODY = YES;
				CLANG_WARN_ENUM_CONVERSION = YES;
				CLANG_WARN_INFINITE_RECURSION = YES;
				CLANG_WARN_INT_CONVERSION = YES;
				CLANG_WARN_NON_LITERAL_NULL_CONVERSION = YES;
				CLANG_WARN_OBJC_IMPLICIT_RETAIN_SELF = YES;
				CLANG_WARN_OBJC_LITERAL_CONVERSION = YES;
				CLANG_WARN_OBJC_ROOT_CLASS = YES_ERROR;
				CLANG_WARN_QUOTED_INCLUDE_IN_FRAMEWORK_HEADER = YES;
				CLANG_WARN_RANGE_LOOP_ANALYSIS = YES;
				CLANG_WARN_STRICT_PROTOTYPES = YES;
				CLANG_WARN_SUSPICIOUS_MOVE = YES;
				CLANG_WARN_UNGUARDED_AVAILABILITY = YES_AGGRESSIVE;
				CLANG_WARN_UNREACHABLE_CODE = YES;
				CLANG_WARN__DUPLICATE_METHOD_MATCH = YES;
				COPY_PHASE_STRIP = NO;
				DEBUG_INFORMATION_FORMAT = "dwarf-with-dsym";
				ENABLE_NS_ASSERTIONS = NO;
				ENABLE_STRICT_OBJC_MSGSEND = YES;
				GCC_C_LANGUAGE_STANDARD = gnu11;
				GCC_NO_COMMON_BLOCKS = YES;
				GCC_WARN_64_TO_32_BIT_CONVERSION = YES;
				GCC_WARN_ABOUT_RETURN_TYPE = YES_ERROR;
				GCC_WARN_UNDECLARED_SELECTOR = YES;
				GCC_WARN_UNINITIALIZED_AUTOS = YES_AGGRESSIVE;
				GCC_WARN_UNUSED_FUNCTION = YES;
				GCC_WARN_UNUSED_VARIABLE = YES;
				IPHONEOS_DEPLOYMENT_TARGET = 15.2;
				MTL_ENABLE_DEBUG_INFO = NO;
				MTL_FAST_MATH = YES;
				SDKROOT = iphoneos;
				SWIFT_COMPILATION_MODE = wholemodule;
				SWIFT_OPTIMIZATION_LEVEL = "-O";
				VALIDATE_PRODUCT = YES;
			};
			name = Release;
		};
		C4AA0DCB280C0AB00001F67B /* Debug */ = {
			isa = XCBuildConfiguration;
			buildSettings = {
				ASSETCATALOG_COMPILER_APPICON_NAME = AppIcon;
				ASSETCATALOG_COMPILER_GLOBAL_ACCENT_COLOR_NAME = AccentColor;
				CODE_SIGN_STYLE = Automatic;
				CURRENT_PROJECT_VERSION = 1;
				DEVELOPMENT_TEAM = CRW4G98LL8;
				GENERATE_INFOPLIST_FILE = YES;
				INFOPLIST_FILE = KisilerUygulamasi/Info.plist;
				INFOPLIST_KEY_UIApplicationSupportsIndirectInputEvents = YES;
				INFOPLIST_KEY_UILaunchStoryboardName = LaunchScreen;
				INFOPLIST_KEY_UIMainStoryboardFile = Main;
				INFOPLIST_KEY_UISupportedInterfaceOrientations_iPad = "UIInterfaceOrientationPortrait UIInterfaceOrientationPortraitUpsideDown UIInterfaceOrientationLandscapeLeft UIInterfaceOrientationLandscapeRight";
				INFOPLIST_KEY_UISupportedInterfaceOrientations_iPhone = "UIInterfaceOrientationPortrait UIInterfaceOrientationLandscapeLeft UIInterfaceOrientationLandscapeRight";
				LD_RUNPATH_SEARCH_PATHS = (
					"$(inherited)",
					"@executable_path/Frameworks",
				);
				MARKETING_VERSION = 1.0;
				PRODUCT_BUNDLE_IDENTIFIER = com.gizemturker.KisilerUygulamasi;
				PRODUCT_NAME = "$(TARGET_NAME)";
				SWIFT_EMIT_LOC_STRINGS = YES;
				SWIFT_VERSION = 5.0;
				TARGETED_DEVICE_FAMILY = "1,2";
			};
			name = Debug;
		};
		C4AA0DCC280C0AB00001F67B /* Release */ = {
			isa = XCBuildConfiguration;
			buildSettings = {
				ASSETCATALOG_COMPILER_APPICON_NAME = AppIcon;
				ASSETCATALOG_COMPILER_GLOBAL_ACCENT_COLOR_NAME = AccentColor;
				CODE_SIGN_STYLE = Automatic;
				CURRENT_PROJECT_VERSION = 1;
				DEVELOPMENT_TEAM = CRW4G98LL8;
				GENERATE_INFOPLIST_FILE = YES;
				INFOPLIST_FILE = KisilerUygulamasi/Info.plist;
				INFOPLIST_KEY_UIApplicationSupportsIndirectInputEvents = YES;
				INFOPLIST_KEY_UILaunchStoryboardName = LaunchScreen;
				INFOPLIST_KEY_UIMainStoryboardFile = Main;
				INFOPLIST_KEY_UISupportedInterfaceOrientations_iPad = "UIInterfaceOrientationPortrait UIInterfaceOrientationPortraitUpsideDown UIInterfaceOrientationLandscapeLeft UIInterfaceOrientationLandscapeRight";
				INFOPLIST_KEY_UISupportedInterfaceOrientations_iPhone = "UIInterfaceOrientationPortrait UIInterfaceOrientationLandscapeLeft UIInterfaceOrientationLandscapeRight";
				LD_RUNPATH_SEARCH_PATHS = (
					"$(inherited)",
					"@executable_path/Frameworks",
				);
				MARKETING_VERSION = 1.0;
				PRODUCT_BUNDLE_IDENTIFIER = com.gizemturker.KisilerUygulamasi;
				PRODUCT_NAME = "$(TARGET_NAME)";
				SWIFT_EMIT_LOC_STRINGS = YES;
				SWIFT_VERSION = 5.0;
				TARGETED_DEVICE_FAMILY = "1,2";
			};
			name = Release;
		};
		C4AA0DCE280C0AB00001F67B /* Debug */ = {
			isa = XCBuildConfiguration;
			buildSettings = {
				ALWAYS_EMBED_SWIFT_STANDARD_LIBRARIES = YES;
				BUNDLE_LOADER = "$(TEST_HOST)";
				CODE_SIGN_STYLE = Automatic;
				CURRENT_PROJECT_VERSION = 1;
				DEVELOPMENT_TEAM = CRW4G98LL8;
				GENERATE_INFOPLIST_FILE = YES;
				IPHONEOS_DEPLOYMENT_TARGET = 15.2;
				MARKETING_VERSION = 1.0;
				PRODUCT_BUNDLE_IDENTIFIER = com.gizemturker.KisilerUygulamasiTests;
				PRODUCT_NAME = "$(TARGET_NAME)";
				SWIFT_EMIT_LOC_STRINGS = NO;
				SWIFT_VERSION = 5.0;
				TARGETED_DEVICE_FAMILY = "1,2";
				TEST_HOST = "$(BUILT_PRODUCTS_DIR)/KisilerUygulamasi.app/KisilerUygulamasi";
			};
			name = Debug;
		};
		C4AA0DCF280C0AB00001F67B /* Release */ = {
			isa = XCBuildConfiguration;
			buildSettings = {
				ALWAYS_EMBED_SWIFT_STANDARD_LIBRARIES = YES;
				BUNDLE_LOADER = "$(TEST_HOST)";
				CODE_SIGN_STYLE = Automatic;
				CURRENT_PROJECT_VERSION = 1;
				DEVELOPMENT_TEAM = CRW4G98LL8;
				GENERATE_INFOPLIST_FILE = YES;
				IPHONEOS_DEPLOYMENT_TARGET = 15.2;
				MARKETING_VERSION = 1.0;
				PRODUCT_BUNDLE_IDENTIFIER = com.gizemturker.KisilerUygulamasiTests;
				PRODUCT_NAME = "$(TARGET_NAME)";
				SWIFT_EMIT_LOC_STRINGS = NO;
				SWIFT_VERSION = 5.0;
				TARGETED_DEVICE_FAMILY = "1,2";
				TEST_HOST = "$(BUILT_PRODUCTS_DIR)/KisilerUygulamasi.app/KisilerUygulamasi";
			};
			name = Release;
		};
		C4AA0DD1280C0AB00001F67B /* Debug */ = {
			isa = XCBuildConfiguration;
			buildSettings = {
				ALWAYS_EMBED_SWIFT_STANDARD_LIBRARIES = YES;
				CODE_SIGN_STYLE = Automatic;
				CURRENT_PROJECT_VERSION = 1;
				DEVELOPMENT_TEAM = CRW4G98LL8;
				GENERATE_INFOPLIST_FILE = YES;
				MARKETING_VERSION = 1.0;
				PRODUCT_BUNDLE_IDENTIFIER = com.gizemturker.KisilerUygulamasiUITests;
				PRODUCT_NAME = "$(TARGET_NAME)";
				SWIFT_EMIT_LOC_STRINGS = NO;
				SWIFT_VERSION = 5.0;
				TARGETED_DEVICE_FAMILY = "1,2";
				TEST_TARGET_NAME = KisilerUygulamasi;
			};
			name = Debug;
		};
		C4AA0DD2280C0AB00001F67B /* Release */ = {
			isa = XCBuildConfiguration;
			buildSettings = {
				ALWAYS_EMBED_SWIFT_STANDARD_LIBRARIES = YES;
				CODE_SIGN_STYLE = Automatic;
				CURRENT_PROJECT_VERSION = 1;
				DEVELOPMENT_TEAM = CRW4G98LL8;
				GENERATE_INFOPLIST_FILE = YES;
				MARKETING_VERSION = 1.0;
				PRODUCT_BUNDLE_IDENTIFIER = com.gizemturker.KisilerUygulamasiUITests;
				PRODUCT_NAME = "$(TARGET_NAME)";
				SWIFT_EMIT_LOC_STRINGS = NO;
				SWIFT_VERSION = 5.0;
				TARGETED_DEVICE_FAMILY = "1,2";
				TEST_TARGET_NAME = KisilerUygulamasi;
			};
			name = Release;
		};
/* End XCBuildConfiguration section */

/* Begin XCConfigurationList section */
		C4AA0D9B280C0AB00001F67B /* Build configuration list for PBXProject "KisilerUygulamasi" */ = {
			isa = XCConfigurationList;
			buildConfigurations = (
				C4AA0DC8280C0AB00001F67B /* Debug */,
				C4AA0DC9280C0AB00001F67B /* Release */,
			);
			defaultConfigurationIsVisible = 0;
			defaultConfigurationName = Release;
		};
		C4AA0DCA280C0AB00001F67B /* Build configuration list for PBXNativeTarget "KisilerUygulamasi" */ = {
			isa = XCConfigurationList;
			buildConfigurations = (
				C4AA0DCB280C0AB00001F67B /* Debug */,
				C4AA0DCC280C0AB00001F67B /* Release */,
			);
			defaultConfigurationIsVisible = 0;
			defaultConfigurationName = Release;
		};
		C4AA0DCD280C0AB00001F67B /* Build configuration list for PBXNativeTarget "KisilerUygulamasiTests" */ = {
			isa = XCConfigurationList;
			buildConfigurations = (
				C4AA0DCE280C0AB00001F67B /* Debug */,
				C4AA0DCF280C0AB00001F67B /* Release */,
			);
			defaultConfigurationIsVisible = 0;
			defaultConfigurationName = Release;
		};
		C4AA0DD0280C0AB00001F67B /* Build configuration list for PBXNativeTarget "KisilerUygulamasiUITests" */ = {
			isa = XCConfigurationList;
			buildConfigurations = (
				C4AA0DD1280C0AB00001F67B /* Debug */,
				C4AA0DD2280C0AB00001F67B /* Release */,
			);
			defaultConfigurationIsVisible = 0;
			defaultConfigurationName = Release;
		};
/* End XCConfigurationList section */
	};
	rootObject = C4AA0D98280C0AB00001F67B /* Project object */;
}
