// !$*UTF8*$!
{
	archiveVersion = 1;
	classes = {
	};
	objectVersion = 55;
	objects = {

/* Begin PBXBuildFile section */
		C4269A6D2802D9F000C1736F /* AppDelegate.swift in Sources */ = {isa = PBXBuildFile; fileRef = C4269A6C2802D9F000C1736F /* AppDelegate.swift */; };
		C4269A6F2802D9F000C1736F /* SceneDelegate.swift in Sources */ = {isa = PBXBuildFile; fileRef = C4269A6E2802D9F000C1736F /* SceneDelegate.swift */; };
		C4269A712802D9F000C1736F /* ViewController.swift in Sources */ = {isa = PBXBuildFile; fileRef = C4269A702802D9F000C1736F /* ViewController.swift */; };
		C4269A742802D9F000C1736F /* Main.storyboard in Resources */ = {isa = PBXBuildFile; fileRef = C4269A722802D9F000C1736F /* Main.storyboard */; };
		C4269A762802D9F100C1736F /* Assets.xcassets in Resources */ = {isa = PBXBuildFile; fileRef = C4269A752802D9F100C1736F /* Assets.xcassets */; };
		C4269A792802D9F100C1736F /* LaunchScreen.storyboard in Resources */ = {isa = PBXBuildFile; fileRef = C4269A772802D9F100C1736F /* LaunchScreen.storyboard */; };
		C4269A842802D9F100C1736F /* TasarimCalismasiTests.swift in Sources */ = {isa = PBXBuildFile; fileRef = C4269A832802D9F100C1736F /* TasarimCalismasiTests.swift */; };
		C4269A8E2802D9F100C1736F /* TasarimCalismasiUITests.swift in Sources */ = {isa = PBXBuildFile; fileRef = C4269A8D2802D9F100C1736F /* TasarimCalismasiUITests.swift */; };
		C4269A902802D9F100C1736F /* TasarimCalismasiUITestsLaunchTests.swift in Sources */ = {isa = PBXBuildFile; fileRef = C4269A8F2802D9F100C1736F /* TasarimCalismasiUITestsLaunchTests.swift */; };
		C4269A9E2802F25A00C1736F /* Pacifico-Regular.ttf in Resources */ = {isa = PBXBuildFile; fileRef = C4269A9D2802F25A00C1736F /* Pacifico-Regular.ttf */; };
/* End PBXBuildFile section */

/* Begin PBXContainerItemProxy section */
		C4269A802802D9F100C1736F /* PBXContainerItemProxy */ = {
			isa = PBXContainerItemProxy;
			containerPortal = C4269A612802D9F000C1736F /* Project object */;
			proxyType = 1;
			remoteGlobalIDString = C4269A682802D9F000C1736F;
			remoteInfo = TasarimCalismasi;
		};
		C4269A8A2802D9F100C1736F /* PBXContainerItemProxy */ = {
			isa = PBXContainerItemProxy;
			containerPortal = C4269A612802D9F000C1736F /* Project object */;
			proxyType = 1;
			remoteGlobalIDString = C4269A682802D9F000C1736F;
			remoteInfo = TasarimCalismasi;
		};
/* End PBXContainerItemProxy section */

/* Begin PBXFileReference section */
		C4269A692802D9F000C1736F /* TasarimCalismasi.app */ = {isa = PBXFileReference; explicitFileType = wrapper.application; includeInIndex = 0; path = TasarimCalismasi.app; sourceTree = BUILT_PRODUCTS_DIR; };
		C4269A6C2802D9F000C1736F /* AppDelegate.swift */ = {isa = PBXFileReference; lastKnownFileType = sourcecode.swift; path = AppDelegate.swift; sourceTree = "<group>"; };
		C4269A6E2802D9F000C1736F /* SceneDelegate.swift */ = {isa = PBXFileReference; lastKnownFileType = sourcecode.swift; path = SceneDelegate.swift; sourceTree = "<group>"; };
		C4269A702802D9F000C1736F /* ViewController.swift */ = {isa = PBXFileReference; lastKnownFileType = sourcecode.swift; path = ViewController.swift; sourceTree = "<group>"; };
		C4269A732802D9F000C1736F /* Base */ = {isa = PBXFileReference; lastKnownFileType = file.storyboard; name = Base; path = Base.lproj/Main.storyboard; sourceTree = "<group>"; };
		C4269A752802D9F100C1736F /* Assets.xcassets */ = {isa = PBXFileReference; lastKnownFileType = folder.assetcatalog; path = Assets.xcassets; sourceTree = "<group>"; };
		C4269A782802D9F100C1736F /* Base */ = {isa = PBXFileReference; lastKnownFileType = file.storyboard; name = Base; path = Base.lproj/LaunchScreen.storyboard; sourceTree = "<group>"; };
		C4269A7A2802D9F100C1736F /* Info.plist */ = {isa = PBXFileReference; lastKnownFileType = text.plist.xml; path = Info.plist; sourceTree = "<group>"; };
		C4269A7F2802D9F100C1736F /* TasarimCalismasiTests.xctest */ = {isa = PBXFileReference; explicitFileType = wrapper.cfbundle; includeInIndex = 0; path = TasarimCalismasiTests.xctest; sourceTree = BUILT_PRODUCTS_DIR; };
		C4269A832802D9F100C1736F /* TasarimCalismasiTests.swift */ = {isa = PBXFileReference; lastKnownFileType = sourcecode.swift; path = TasarimCalismasiTests.swift; sourceTree = "<group>"; };
		C4269A892802D9F100C1736F /* TasarimCalismasiUITests.xctest */ = {isa = PBXFileReference; explicitFileType = wrapper.cfbundle; includeInIndex = 0; path = TasarimCalismasiUITests.xctest; sourceTree = BUILT_PRODUCTS_DIR; };
		C4269A8D2802D9F100C1736F /* TasarimCalismasiUITests.swift */ = {isa = PBXFileReference; lastKnownFileType = sourcecode.swift; path = TasarimCalismasiUITests.swift; sourceTree = "<group>"; };
		C4269A8F2802D9F100C1736F /* TasarimCalismasiUITestsLaunchTests.swift */ = {isa = PBXFileReference; lastKnownFileType = sourcecode.swift; path = TasarimCalismasiUITestsLaunchTests.swift; sourceTree = "<group>"; };
		C4269A9D2802F25A00C1736F /* Pacifico-Regular.ttf */ = {isa = PBXFileReference; lastKnownFileType = file; path = "Pacifico-Regular.ttf"; sourceTree = "<group>"; };
		C4269A9F280307A600C1736F /* tr */ = {isa = PBXFileReference; lastKnownFileType = text.plist.strings; name = tr; path = tr.lproj/Main.strings; sourceTree = "<group>"; };
		C4269AA0280307A600C1736F /* tr */ = {isa = PBXFileReference; lastKnownFileType = text.plist.strings; name = tr; path = tr.lproj/LaunchScreen.strings; sourceTree = "<group>"; };
/* End PBXFileReference section */

/* Begin PBXFrameworksBuildPhase section */
		C4269A662802D9F000C1736F /* Frameworks */ = {
			isa = PBXFrameworksBuildPhase;
			buildActionMask = 2147483647;
			files = (
			);
			runOnlyForDeploymentPostprocessing = 0;
		};
		C4269A7C2802D9F100C1736F /* Frameworks */ = {
			isa = PBXFrameworksBuildPhase;
			buildActionMask = 2147483647;
			files = (
			);
			runOnlyForDeploymentPostprocessing = 0;
		};
		C4269A862802D9F100C1736F /* Frameworks */ = {
			isa = PBXFrameworksBuildPhase;
			buildActionMask = 2147483647;
			files = (
			);
			runOnlyForDeploymentPostprocessing = 0;
		};
/* End PBXFrameworksBuildPhase section */

/* Begin PBXGroup section */
		C4269A602802D9F000C1736F = {
			isa = PBXGroup;
			children = (
				C4269A6B2802D9F000C1736F /* TasarimCalismasi */,
				C4269A822802D9F100C1736F /* TasarimCalismasiTests */,
				C4269A8C2802D9F100C1736F /* TasarimCalismasiUITests */,
				C4269A6A2802D9F000C1736F /* Products */,
			);
			sourceTree = "<group>";
		};
		C4269A6A2802D9F000C1736F /* Products */ = {
			isa = PBXGroup;
			children = (
				C4269A692802D9F000C1736F /* TasarimCalismasi.app */,
				C4269A7F2802D9F100C1736F /* TasarimCalismasiTests.xctest */,
				C4269A892802D9F100C1736F /* TasarimCalismasiUITests.xctest */,
			);
			name = Products;
			sourceTree = "<group>";
		};
		C4269A6B2802D9F000C1736F /* TasarimCalismasi */ = {
			isa = PBXGroup;
			children = (
				C4269A6C2802D9F000C1736F /* AppDelegate.swift */,
				C4269A6E2802D9F000C1736F /* SceneDelegate.swift */,
				C4269A702802D9F000C1736F /* ViewController.swift */,
				C4269A9C2802F21E00C1736F /* Fonts */,
				C4269A722802D9F000C1736F /* Main.storyboard */,
				C4269A752802D9F100C1736F /* Assets.xcassets */,
				C4269A772802D9F100C1736F /* LaunchScreen.storyboard */,
				C4269A7A2802D9F100C1736F /* Info.plist */,
			);
			path = TasarimCalismasi;
			sourceTree = "<group>";
		};
		C4269A822802D9F100C1736F /* TasarimCalismasiTests */ = {
			isa = PBXGroup;
			children = (
				C4269A832802D9F100C1736F /* TasarimCalismasiTests.swift */,
			);
			path = TasarimCalismasiTests;
			sourceTree = "<group>";
		};
		C4269A8C2802D9F100C1736F /* TasarimCalismasiUITests */ = {
			isa = PBXGroup;
			children = (
				C4269A8D2802D9F100C1736F /* TasarimCalismasiUITests.swift */,
				C4269A8F2802D9F100C1736F /* TasarimCalismasiUITestsLaunchTests.swift */,
			);
			path = TasarimCalismasiUITests;
			sourceTree = "<group>";
		};
		C4269A9C2802F21E00C1736F /* Fonts */ = {
			isa = PBXGroup;
			children = (
				C4269A9D2802F25A00C1736F /* Pacifico-Regular.ttf */,
			);
			path = Fonts;
			sourceTree = "<group>";
		};
/* End PBXGroup section */

/* Begin PBXNativeTarget section */
		C4269A682802D9F000C1736F /* TasarimCalismasi */ = {
			isa = PBXNativeTarget;
			buildConfigurationList = C4269A932802D9F100C1736F /* Build configuration list for PBXNativeTarget "TasarimCalismasi" */;
			buildPhases = (
				C4269A652802D9F000C1736F /* Sources */,
				C4269A662802D9F000C1736F /* Frameworks */,
				C4269A672802D9F000C1736F /* Resources */,
			);
			buildRules = (
			);
			dependencies = (
			);
			name = TasarimCalismasi;
			productName = TasarimCalismasi;
			productReference = C4269A692802D9F000C1736F /* TasarimCalismasi.app */;
			productType = "com.apple.product-type.application";
		};
		C4269A7E2802D9F100C1736F /* TasarimCalismasiTests */ = {
			isa = PBXNativeTarget;
			buildConfigurationList = C4269A962802D9F100C1736F /* Build configuration list for PBXNativeTarget "TasarimCalismasiTests" */;
			buildPhases = (
				C4269A7B2802D9F100C1736F /* Sources */,
				C4269A7C2802D9F100C1736F /* Frameworks */,
				C4269A7D2802D9F100C1736F /* Resources */,
			);
			buildRules = (
			);
			dependencies = (
				C4269A812802D9F100C1736F /* PBXTargetDependency */,
			);
			name = TasarimCalismasiTests;
			productName = TasarimCalismasiTests;
			productReference = C4269A7F2802D9F100C1736F /* TasarimCalismasiTests.xctest */;
			productType = "com.apple.product-type.bundle.unit-test";
		};
		C4269A882802D9F100C1736F /* TasarimCalismasiUITests */ = {
			isa = PBXNativeTarget;
			buildConfigurationList = C4269A992802D9F100C1736F /* Build configuration list for PBXNativeTarget "TasarimCalismasiUITests" */;
			buildPhases = (
				C4269A852802D9F100C1736F /* Sources */,
				C4269A862802D9F100C1736F /* Frameworks */,
				C4269A872802D9F100C1736F /* Resources */,
			);
			buildRules = (
			);
			dependencies = (
				C4269A8B2802D9F100C1736F /* PBXTargetDependency */,
			);
			name = TasarimCalismasiUITests;
			productName = TasarimCalismasiUITests;
			productReference = C4269A892802D9F100C1736F /* TasarimCalismasiUITests.xctest */;
			productType = "com.apple.product-type.bundle.ui-testing";
		};
/* End PBXNativeTarget section */

/* Begin PBXProject section */
		C4269A612802D9F000C1736F /* Project object */ = {
			isa = PBXProject;
			attributes = {
				BuildIndependentTargetsInParallel = 1;
				LastSwiftUpdateCheck = 1320;
				LastUpgradeCheck = 1320;
				TargetAttributes = {
					C4269A682802D9F000C1736F = {
						CreatedOnToolsVersion = 13.2.1;
					};
					C4269A7E2802D9F100C1736F = {
						CreatedOnToolsVersion = 13.2.1;
						TestTargetID = C4269A682802D9F000C1736F;
					};
					C4269A882802D9F100C1736F = {
						CreatedOnToolsVersion = 13.2.1;
						TestTargetID = C4269A682802D9F000C1736F;
					};
				};
			};
			buildConfigurationList = C4269A642802D9F000C1736F /* Build configuration list for PBXProject "TasarimCalismasi" */;
			compatibilityVersion = "Xcode 13.0";
			developmentRegion = en;
			hasScannedForEncodings = 0;
			knownRegions = (
				en,
				Base,
				tr,
			);
			mainGroup = C4269A602802D9F000C1736F;
			productRefGroup = C4269A6A2802D9F000C1736F /* Products */;
			projectDirPath = "";
			projectRoot = "";
			targets = (
				C4269A682802D9F000C1736F /* TasarimCalismasi */,
				C4269A7E2802D9F100C1736F /* TasarimCalismasiTests */,
				C4269A882802D9F100C1736F /* TasarimCalismasiUITests */,
			);
		};
/* End PBXProject section */

/* Begin PBXResourcesBuildPhase section */
		C4269A672802D9F000C1736F /* Resources */ = {
			isa = PBXResourcesBuildPhase;
			buildActionMask = 2147483647;
			files = (
				C4269A792802D9F100C1736F /* LaunchScreen.storyboard in Resources */,
				C4269A9E2802F25A00C1736F /* Pacifico-Regular.ttf in Resources */,
				C4269A762802D9F100C1736F /* Assets.xcassets in Resources */,
				C4269A742802D9F000C1736F /* Main.storyboard in Resources */,
			);
			runOnlyForDeploymentPostprocessing = 0;
		};
		C4269A7D2802D9F100C1736F /* Resources */ = {
			isa = PBXResourcesBuildPhase;
			buildActionMask = 2147483647;
			files = (
			);
			runOnlyForDeploymentPostprocessing = 0;
		};
		C4269A872802D9F100C1736F /* Resources */ = {
			isa = PBXResourcesBuildPhase;
			buildActionMask = 2147483647;
			files = (
			);
			runOnlyForDeploymentPostprocessing = 0;
		};
/* End PBXResourcesBuildPhase section */

/* Begin PBXSourcesBuildPhase section */
		C4269A652802D9F000C1736F /* Sources */ = {
			isa = PBXSourcesBuildPhase;
			buildActionMask = 2147483647;
			files = (
				C4269A712802D9F000C1736F /* ViewController.swift in Sources */,
				C4269A6D2802D9F000C1736F /* AppDelegate.swift in Sources */,
				C4269A6F2802D9F000C1736F /* SceneDelegate.swift in Sources */,
			);
			runOnlyForDeploymentPostprocessing = 0;
		};
		C4269A7B2802D9F100C1736F /* Sources */ = {
			isa = PBXSourcesBuildPhase;
			buildActionMask = 2147483647;
			files = (
				C4269A842802D9F100C1736F /* TasarimCalismasiTests.swift in Sources */,
			);
			runOnlyForDeploymentPostprocessing = 0;
		};
		C4269A852802D9F100C1736F /* Sources */ = {
			isa = PBXSourcesBuildPhase;
			buildActionMask = 2147483647;
			files = (
				C4269A8E2802D9F100C1736F /* TasarimCalismasiUITests.swift in Sources */,
				C4269A902802D9F100C1736F /* TasarimCalismasiUITestsLaunchTests.swift in Sources */,
			);
			runOnlyForDeploymentPostprocessing = 0;
		};
/* End PBXSourcesBuildPhase section */

/* Begin PBXTargetDependency section */
		C4269A812802D9F100C1736F /* PBXTargetDependency */ = {
			isa = PBXTargetDependency;
			target = C4269A682802D9F000C1736F /* TasarimCalismasi */;
			targetProxy = C4269A802802D9F100C1736F /* PBXContainerItemProxy */;
		};
		C4269A8B2802D9F100C1736F /* PBXTargetDependency */ = {
			isa = PBXTargetDependency;
			target = C4269A682802D9F000C1736F /* TasarimCalismasi */;
			targetProxy = C4269A8A2802D9F100C1736F /* PBXContainerItemProxy */;
		};
/* End PBXTargetDependency section */

/* Begin PBXVariantGroup section */
		C4269A722802D9F000C1736F /* Main.storyboard */ = {
			isa = PBXVariantGroup;
			children = (
				C4269A732802D9F000C1736F /* Base */,
				C4269A9F280307A600C1736F /* tr */,
			);
			name = Main.storyboard;
			sourceTree = "<group>";
		};
		C4269A772802D9F100C1736F /* LaunchScreen.storyboard */ = {
			isa = PBXVariantGroup;
			children = (
				C4269A782802D9F100C1736F /* Base */,
				C4269AA0280307A600C1736F /* tr */,
			);
			name = LaunchScreen.storyboard;
			sourceTree = "<group>";
		};
/* End PBXVariantGroup section */

/* Begin XCBuildConfiguration section */
		C4269A912802D9F100C1736F /* Debug */ = {
			isa = XCBuildConfiguration;
			buildSettings = {
				ALWAYS_SEARCH_USER_PATHS = NO;
				CLANG_ANALYZER_LOCALIZABILITY_NONLOCALIZED = YES;
				CLANG_ANALYZER_NONNULL = YES;
				CLANG_ANALYZER_NUMBER_OBJECT_CONVERSION = YES_AGGRESSIVE;
				CLANG_CXX_LANGUAGE_STANDARD = "gnu++17";
				CLANG_CXX_LIBRARY = "libc++";
				CLANG_ENABLE_MODULES = YES;
				CLANG_ENABLE_OBJC_ARC = YES;
				CLANG_ENABLE_OBJC_WEAK = YES;
				CLANG_WARN_BLOCK_CAPTURE_AUTORELEASING = YES;
				CLANG_WARN_BOOL_CONVERSION = YES;
				CLANG_WARN_COMMA = YES;
				CLANG_WARN_CONSTANT_CONVERSION = YES;
				CLANG_WARN_DEPRECATED_OBJC_IMPLEMENTATIONS = YES;
				CLANG_WARN_DIRECT_OBJC_ISA_USAGE = YES_ERROR;
				CLANG_WARN_DOCUMENTATION_COMMENTS = YES;
				CLANG_WARN_EMPTY_BODY = YES;
				CLANG_WARN_ENUM_CONVERSION = YES;
				CLANG_WARN_INFINITE_RECURSION = YES;
				CLANG_WARN_INT_CONVERSION = YES;
				CLANG_WARN_NON_LITERAL_NULL_CONVERSION = YES;
				CLANG_WARN_OBJC_IMPLICIT_RETAIN_SELF = YES;
				CLANG_WARN_OBJC_LITERAL_CONVERSION = YES;
				CLANG_WARN_OBJC_ROOT_CLASS = YES_ERROR;
				CLANG_WARN_QUOTED_INCLUDE_IN_FRAMEWORK_HEADER = YES;
				CLANG_WARN_RANGE_LOOP_ANALYSIS = YES;
				CLANG_WARN_STRICT_PROTOTYPES = YES;
				CLANG_WARN_SUSPICIOUS_MOVE = YES;
				CLANG_WARN_UNGUARDED_AVAILABILITY = YES_AGGRESSIVE;
				CLANG_WARN_UNREACHABLE_CODE = YES;
				CLANG_WARN__DUPLICATE_METHOD_MATCH = YES;
				COPY_PHASE_STRIP = NO;
				DEBUG_INFORMATION_FORMAT = dwarf;
				ENABLE_STRICT_OBJC_MSGSEND = YES;
				ENABLE_TESTABILITY = YES;
				GCC_C_LANGUAGE_STANDARD = gnu11;
				GCC_DYNAMIC_NO_PIC = NO;
				GCC_NO_COMMON_BLOCKS = YES;
				GCC_OPTIMIZATION_LEVEL = 0;
				GCC_PREPROCESSOR_DEFINITIONS = (
					"DEBUG=1",
					"$(inherited)",
				);
				GCC_WARN_64_TO_32_BIT_CONVERSION = YES;
				GCC_WARN_ABOUT_RETURN_TYPE = YES_ERROR;
				GCC_WARN_UNDECLARED_SELECTOR = YES;
				GCC_WARN_UNINITIALIZED_AUTOS = YES_AGGRESSIVE;
				GCC_WARN_UNUSED_FUNCTION = YES;
				GCC_WARN_UNUSED_VARIABLE = YES;
				IPHONEOS_DEPLOYMENT_TARGET = 15.2;
				MTL_ENABLE_DEBUG_INFO = INCLUDE_SOURCE;
				MTL_FAST_MATH = YES;
				ONLY_ACTIVE_ARCH = YES;
				SDKROOT = iphoneos;
				SWIFT_ACTIVE_COMPILATION_CONDITIONS = DEBUG;
				SWIFT_OPTIMIZATION_LEVEL = "-Onone";
			};
			name = Debug;
		};
		C4269A922802D9F100C1736F /* Release */ = {
			isa = XCBuildConfiguration;
			buildSettings = {
				ALWAYS_SEARCH_USER_PATHS = NO;
				CLANG_ANALYZER_LOCALIZABILITY_NONLOCALIZED = YES;
				CLANG_ANALYZER_NONNULL = YES;
				CLANG_ANALYZER_NUMBER_OBJECT_CONVERSION = YES_AGGRESSIVE;
				CLANG_CXX_LANGUAGE_STANDARD = "gnu++17";
				CLANG_CXX_LIBRARY = "libc++";
				CLANG_ENABLE_MODULES = YES;
				CLANG_ENABLE_OBJC_ARC = YES;
				CLANG_ENABLE_OBJC_WEAK = YES;
				CLANG_WARN_BLOCK_CAPTURE_AUTORELEASING = YES;
				CLANG_WARN_BOOL_CONVERSION = YES;
				CLANG_WARN_COMMA = YES;
				CLANG_WARN_CONSTANT_CONVERSION = YES;
				CLANG_WARN_DEPRECATED_OBJC_IMPLEMENTATIONS = YES;
				CLANG_WARN_DIRECT_OBJC_ISA_USAGE = YES_ERROR;
				CLANG_WARN_DOCUMENTATION_COMMENTS = YES;
				CLANG_WARN_EMPTY_BODY = YES;
				CLANG_WARN_ENUM_CONVERSION = YES;
				CLANG_WARN_INFINITE_RECURSION = YES;
				CLANG_WARN_INT_CONVERSION = YES;
				CLANG_WARN_NON_LITERAL_NULL_CONVERSION = YES;
				CLANG_WARN_OBJC_IMPLICIT_RETAIN_SELF = YES;
				CLANG_WARN_OBJC_LITERAL_CONVERSION = YES;
				CLANG_WARN_OBJC_ROOT_CLASS = YES_ERROR;
				CLANG_WARN_QUOTED_INCLUDE_IN_FRAMEWORK_HEADER = YES;
				CLANG_WARN_RANGE_LOOP_ANALYSIS = YES;
				CLANG_WARN_STRICT_PROTOTYPES = YES;
				CLANG_WARN_SUSPICIOUS_MOVE = YES;
				CLANG_WARN_UNGUARDED_AVAILABILITY = YES_AGGRESSIVE;
				CLANG_WARN_UNREACHABLE_CODE = YES;
				CLANG_WARN__DUPLICATE_METHOD_MATCH = YES;
				COPY_PHASE_STRIP = NO;
				DEBUG_INFORMATION_FORMAT = "dwarf-with-dsym";
				ENABLE_NS_ASSERTIONS = NO;
				ENABLE_STRICT_OBJC_MSGSEND = YES;
				GCC_C_LANGUAGE_STANDARD = gnu11;
				GCC_NO_COMMON_BLOCKS = YES;
				GCC_WARN_64_TO_32_BIT_CONVERSION = YES;
				GCC_WARN_ABOUT_RETURN_TYPE = YES_ERROR;
				GCC_WARN_UNDECLARED_SELECTOR = YES;
				GCC_WARN_UNINITIALIZED_AUTOS = YES_AGGRESSIVE;
				GCC_WARN_UNUSED_FUNCTION = YES;
				GCC_WARN_UNUSED_VARIABLE = YES;
				IPHONEOS_DEPLOYMENT_TARGET = 15.2;
				MTL_ENABLE_DEBUG_INFO = NO;
				MTL_FAST_MATH = YES;
				SDKROOT = iphoneos;
				SWIFT_COMPILATION_MODE = wholemodule;
				SWIFT_OPTIMIZATION_LEVEL = "-O";
				VALIDATE_PRODUCT = YES;
			};
			name = Release;
		};
		C4269A942802D9F100C1736F /* Debug */ = {
			isa = XCBuildConfiguration;
			buildSettings = {
				ASSETCATALOG_COMPILER_APPICON_NAME = AppIcon;
				ASSETCATALOG_COMPILER_GLOBAL_ACCENT_COLOR_NAME = AccentColor;
				CODE_SIGN_STYLE = Automatic;
				CURRENT_PROJECT_VERSION = 1;
				DEVELOPMENT_TEAM = CRW4G98LL8;
				GENERATE_INFOPLIST_FILE = YES;
				INFOPLIST_FILE = TasarimCalismasi/Info.plist;
				INFOPLIST_KEY_UIApplicationSupportsIndirectInputEvents = YES;
				INFOPLIST_KEY_UILaunchStoryboardName = LaunchScreen;
				INFOPLIST_KEY_UIMainStoryboardFile = Main;
				INFOPLIST_KEY_UISupportedInterfaceOrientations_iPad = "UIInterfaceOrientationPortrait UIInterfaceOrientationPortraitUpsideDown UIInterfaceOrientationLandscapeLeft UIInterfaceOrientationLandscapeRight";
				INFOPLIST_KEY_UISupportedInterfaceOrientations_iPhone = "UIInterfaceOrientationPortrait UIInterfaceOrientationLandscapeLeft UIInterfaceOrientationLandscapeRight";
				LD_RUNPATH_SEARCH_PATHS = (
					"$(inherited)",
					"@executable_path/Frameworks",
				);
				MARKETING_VERSION = 1.0;
				PRODUCT_BUNDLE_IDENTIFIER = com.gizemturker.TasarimCalismasi;
				PRODUCT_NAME = "$(TARGET_NAME)";
				SWIFT_EMIT_LOC_STRINGS = YES;
				SWIFT_VERSION = 5.0;
				TARGETED_DEVICE_FAMILY = "1,2";
			};
			name = Debug;
		};
		C4269A952802D9F100C1736F /* Release */ = {
			isa = XCBuildConfiguration;
			buildSettings = {
				ASSETCATALOG_COMPILER_APPICON_NAME = AppIcon;
				ASSETCATALOG_COMPILER_GLOBAL_ACCENT_COLOR_NAME = AccentColor;
				CODE_SIGN_STYLE = Automatic;
				CURRENT_PROJECT_VERSION = 1;
				DEVELOPMENT_TEAM = CRW4G98LL8;
				GENERATE_INFOPLIST_FILE = YES;
				INFOPLIST_FILE = TasarimCalismasi/Info.plist;
				INFOPLIST_KEY_UIApplicationSupportsIndirectInputEvents = YES;
				INFOPLIST_KEY_UILaunchStoryboardName = LaunchScreen;
				INFOPLIST_KEY_UIMainStoryboardFile = Main;
				INFOPLIST_KEY_UISupportedInterfaceOrientations_iPad = "UIInterfaceOrientationPortrait UIInterfaceOrientationPortraitUpsideDown UIInterfaceOrientationLandscapeLeft UIInterfaceOrientationLandscapeRight";
				INFOPLIST_KEY_UISupportedInterfaceOrientations_iPhone = "UIInterfaceOrientationPortrait UIInterfaceOrientationLandscapeLeft UIInterfaceOrientationLandscapeRight";
				LD_RUNPATH_SEARCH_PATHS = (
					"$(inherited)",
					"@executable_path/Frameworks",
				);
				MARKETING_VERSION = 1.0;
				PRODUCT_BUNDLE_IDENTIFIER = com.gizemturker.TasarimCalismasi;
				PRODUCT_NAME = "$(TARGET_NAME)";
				SWIFT_EMIT_LOC_STRINGS = YES;
				SWIFT_VERSION = 5.0;
				TARGETED_DEVICE_FAMILY = "1,2";
			};
			name = Release;
		};
		C4269A972802D9F100C1736F /* Debug */ = {
			isa = XCBuildConfiguration;
			buildSettings = {
				ALWAYS_EMBED_SWIFT_STANDARD_LIBRARIES = YES;
				BUNDLE_LOADER = "$(TEST_HOST)";
				CODE_SIGN_STYLE = Automatic;
				CURRENT_PROJECT_VERSION = 1;
				DEVELOPMENT_TEAM = CRW4G98LL8;
				GENERATE_INFOPLIST_FILE = YES;
				IPHONEOS_DEPLOYMENT_TARGET = 15.2;
				MARKETING_VERSION = 1.0;
				PRODUCT_BUNDLE_IDENTIFIER = com.gizemturker.TasarimCalismasiTests;
				PRODUCT_NAME = "$(TARGET_NAME)";
				SWIFT_EMIT_LOC_STRINGS = NO;
				SWIFT_VERSION = 5.0;
				TARGETED_DEVICE_FAMILY = "1,2";
				TEST_HOST = "$(BUILT_PRODUCTS_DIR)/TasarimCalismasi.app/TasarimCalismasi";
			};
			name = Debug;
		};
		C4269A982802D9F100C1736F /* Release */ = {
			isa = XCBuildConfiguration;
			buildSettings = {
				ALWAYS_EMBED_SWIFT_STANDARD_LIBRARIES = YES;
				BUNDLE_LOADER = "$(TEST_HOST)";
				CODE_SIGN_STYLE = Automatic;
				CURRENT_PROJECT_VERSION = 1;
				DEVELOPMENT_TEAM = CRW4G98LL8;
				GENERATE_INFOPLIST_FILE = YES;
				IPHONEOS_DEPLOYMENT_TARGET = 15.2;
				MARKETING_VERSION = 1.0;
				PRODUCT_BUNDLE_IDENTIFIER = com.gizemturker.TasarimCalismasiTests;
				PRODUCT_NAME = "$(TARGET_NAME)";
				SWIFT_EMIT_LOC_STRINGS = NO;
				SWIFT_VERSION = 5.0;
				TARGETED_DEVICE_FAMILY = "1,2";
				TEST_HOST = "$(BUILT_PRODUCTS_DIR)/TasarimCalismasi.app/TasarimCalismasi";
			};
			name = Release;
		};
		C4269A9A2802D9F100C1736F /* Debug */ = {
			isa = XCBuildConfiguration;
			buildSettings = {
				ALWAYS_EMBED_SWIFT_STANDARD_LIBRARIES = YES;
				CODE_SIGN_STYLE = Automatic;
				CURRENT_PROJECT_VERSION = 1;
				DEVELOPMENT_TEAM = CRW4G98LL8;
				GENERATE_INFOPLIST_FILE = YES;
				MARKETING_VERSION = 1.0;
				PRODUCT_BUNDLE_IDENTIFIER = com.gizemturker.TasarimCalismasiUITests;
				PRODUCT_NAME = "$(TARGET_NAME)";
				SWIFT_EMIT_LOC_STRINGS = NO;
				SWIFT_VERSION = 5.0;
				TARGETED_DEVICE_FAMILY = "1,2";
				TEST_TARGET_NAME = TasarimCalismasi;
			};
			name = Debug;
		};
		C4269A9B2802D9F100C1736F /* Release */ = {
			isa = XCBuildConfiguration;
			buildSettings = {
				ALWAYS_EMBED_SWIFT_STANDARD_LIBRARIES = YES;
				CODE_SIGN_STYLE = Automatic;
				CURRENT_PROJECT_VERSION = 1;
				DEVELOPMENT_TEAM = CRW4G98LL8;
				GENERATE_INFOPLIST_FILE = YES;
				MARKETING_VERSION = 1.0;
				PRODUCT_BUNDLE_IDENTIFIER = com.gizemturker.TasarimCalismasiUITests;
				PRODUCT_NAME = "$(TARGET_NAME)";
				SWIFT_EMIT_LOC_STRINGS = NO;
				SWIFT_VERSION = 5.0;
				TARGETED_DEVICE_FAMILY = "1,2";
				TEST_TARGET_NAME = TasarimCalismasi;
			};
			name = Release;
		};
/* End XCBuildConfiguration section */

/* Begin XCConfigurationList section */
		C4269A642802D9F000C1736F /* Build configuration list for PBXProject "TasarimCalismasi" */ = {
			isa = XCConfigurationList;
			buildConfigurations = (
				C4269A912802D9F100C1736F /* Debug */,
				C4269A922802D9F100C1736F /* Release */,
			);
			defaultConfigurationIsVisible = 0;
			defaultConfigurationName = Release;
		};
		C4269A932802D9F100C1736F /* Build configuration list for PBXNativeTarget "TasarimCalismasi" */ = {
			isa = XCConfigurationList;
			buildConfigurations = (
				C4269A942802D9F100C1736F /* Debug */,
				C4269A952802D9F100C1736F /* Release */,
			);
			defaultConfigurationIsVisible = 0;
			defaultConfigurationName = Release;
		};
		C4269A962802D9F100C1736F /* Build configuration list for PBXNativeTarget "TasarimCalismasiTests" */ = {
			isa = XCConfigurationList;
			buildConfigurations = (
				C4269A972802D9F100C1736F /* Debug */,
				C4269A982802D9F100C1736F /* Release */,
			);
			defaultConfigurationIsVisible = 0;
			defaultConfigurationName = Release;
		};
		C4269A992802D9F100C1736F /* Build configuration list for PBXNativeTarget "TasarimCalismasiUITests" */ = {
			isa = XCConfigurationList;
			buildConfigurations = (
				C4269A9A2802D9F100C1736F /* Debug */,
				C4269A9B2802D9F100C1736F /* Release */,
			);
			defaultConfigurationIsVisible = 0;
			defaultConfigurationName = Release;
		};
/* End XCConfigurationList section */
	};
	rootObject = C4269A612802D9F000C1736F /* Project object */;
}
