// !$*UTF8*$!
{
	archiveVersion = 1;
	classes = {
	};
	objectVersion = 55;
	objects = {

/* Begin PBXBuildFile section */
		C40AA16E280ADEAF00A5E375 /* Kisiler.swift in Sources */ = {isa = PBXBuildFile; fileRef = C40AA16D280ADEAF00A5E375 /* Kisiler.swift */; };
		C43A417F280ABDE20077D2E6 /* AppDelegate.swift in Sources */ = {isa = PBXBuildFile; fileRef = C43A417E280ABDE20077D2E6 /* AppDelegate.swift */; };
		C43A4181280ABDE20077D2E6 /* SceneDelegate.swift in Sources */ = {isa = PBXBuildFile; fileRef = C43A4180280ABDE20077D2E6 /* SceneDelegate.swift */; };
		C43A4183280ABDE20077D2E6 /* ViewController.swift in Sources */ = {isa = PBXBuildFile; fileRef = C43A4182280ABDE20077D2E6 /* ViewController.swift */; };
		C43A4186280ABDE20077D2E6 /* Main.storyboard in Resources */ = {isa = PBXBuildFile; fileRef = C43A4184280ABDE20077D2E6 /* Main.storyboard */; };
		C43A4188280ABDE30077D2E6 /* Assets.xcassets in Resources */ = {isa = PBXBuildFile; fileRef = C43A4187280ABDE30077D2E6 /* Assets.xcassets */; };
		C43A418B280ABDE30077D2E6 /* LaunchScreen.storyboard in Resources */ = {isa = PBXBuildFile; fileRef = C43A4189280ABDE30077D2E6 /* LaunchScreen.storyboard */; };
		C43A4196280ABDE30077D2E6 /* CalismaYapisiTests.swift in Sources */ = {isa = PBXBuildFile; fileRef = C43A4195280ABDE30077D2E6 /* CalismaYapisiTests.swift */; };
		C43A41A0280ABDE30077D2E6 /* CalismaYapisiUITests.swift in Sources */ = {isa = PBXBuildFile; fileRef = C43A419F280ABDE30077D2E6 /* CalismaYapisiUITests.swift */; };
		C43A41A2280ABDE30077D2E6 /* CalismaYapisiUITestsLaunchTests.swift in Sources */ = {isa = PBXBuildFile; fileRef = C43A41A1280ABDE30077D2E6 /* CalismaYapisiUITestsLaunchTests.swift */; };
		C4C3F021280AC6F000D4FFFE /* OyunEkraniVC.swift in Sources */ = {isa = PBXBuildFile; fileRef = C4C3F020280AC6F000D4FFFE /* OyunEkraniVC.swift */; };
		C4C3F023280AC76200D4FFFE /* SonucEkraniVC.swift in Sources */ = {isa = PBXBuildFile; fileRef = C4C3F022280AC76200D4FFFE /* SonucEkraniVC.swift */; };
/* End PBXBuildFile section */

/* Begin PBXContainerItemProxy section */
		C43A4192280ABDE30077D2E6 /* PBXContainerItemProxy */ = {
			isa = PBXContainerItemProxy;
			containerPortal = C43A4173280ABDE20077D2E6 /* Project object */;
			proxyType = 1;
			remoteGlobalIDString = C43A417A280ABDE20077D2E6;
			remoteInfo = CalismaYapisi;
		};
		C43A419C280ABDE30077D2E6 /* PBXContainerItemProxy */ = {
			isa = PBXContainerItemProxy;
			containerPortal = C43A4173280ABDE20077D2E6 /* Project object */;
			proxyType = 1;
			remoteGlobalIDString = C43A417A280ABDE20077D2E6;
			remoteInfo = CalismaYapisi;
		};
/* End PBXContainerItemProxy section */

/* Begin PBXFileReference section */
		C40AA16D280ADEAF00A5E375 /* Kisiler.swift */ = {isa = PBXFileReference; lastKnownFileType = sourcecode.swift; path = Kisiler.swift; sourceTree = "<group>"; };
		C43A417B280ABDE20077D2E6 /* CalismaYapisi.app */ = {isa = PBXFileReference; explicitFileType = wrapper.application; includeInIndex = 0; path = CalismaYapisi.app; sourceTree = BUILT_PRODUCTS_DIR; };
		C43A417E280ABDE20077D2E6 /* AppDelegate.swift */ = {isa = PBXFileReference; lastKnownFileType = sourcecode.swift; path = AppDelegate.swift; sourceTree = "<group>"; };
		C43A4180280ABDE20077D2E6 /* SceneDelegate.swift */ = {isa = PBXFileReference; lastKnownFileType = sourcecode.swift; path = SceneDelegate.swift; sourceTree = "<group>"; };
		C43A4182280ABDE20077D2E6 /* ViewController.swift */ = {isa = PBXFileReference; lastKnownFileType = sourcecode.swift; path = ViewController.swift; sourceTree = "<group>"; };
		C43A4185280ABDE20077D2E6 /* Base */ = {isa = PBXFileReference; lastKnownFileType = file.storyboard; name = Base; path = Base.lproj/Main.storyboard; sourceTree = "<group>"; };
		C43A4187280ABDE30077D2E6 /* Assets.xcassets */ = {isa = PBXFileReference; lastKnownFileType = folder.assetcatalog; path = Assets.xcassets; sourceTree = "<group>"; };
		C43A418A280ABDE30077D2E6 /* Base */ = {isa = PBXFileReference; lastKnownFileType = file.storyboard; name = Base; path = Base.lproj/LaunchScreen.storyboard; sourceTree = "<group>"; };
		C43A418C280ABDE30077D2E6 /* Info.plist */ = {isa = PBXFileReference; lastKnownFileType = text.plist.xml; path = Info.plist; sourceTree = "<group>"; };
		C43A4191280ABDE30077D2E6 /* CalismaYapisiTests.xctest */ = {isa = PBXFileReference; explicitFileType = wrapper.cfbundle; includeInIndex = 0; path = CalismaYapisiTests.xctest; sourceTree = BUILT_PRODUCTS_DIR; };
		C43A4195280ABDE30077D2E6 /* CalismaYapisiTests.swift */ = {isa = PBXFileReference; lastKnownFileType = sourcecode.swift; path = CalismaYapisiTests.swift; sourceTree = "<group>"; };
		C43A419B280ABDE30077D2E6 /* CalismaYapisiUITests.xctest */ = {isa = PBXFileReference; explicitFileType = wrapper.cfbundle; includeInIndex = 0; path = CalismaYapisiUITests.xctest; sourceTree = BUILT_PRODUCTS_DIR; };
		C43A419F280ABDE30077D2E6 /* CalismaYapisiUITests.swift */ = {isa = PBXFileReference; lastKnownFileType = sourcecode.swift; path = CalismaYapisiUITests.swift; sourceTree = "<group>"; };
		C43A41A1280ABDE30077D2E6 /* CalismaYapisiUITestsLaunchTests.swift */ = {isa = PBXFileReference; lastKnownFileType = sourcecode.swift; path = CalismaYapisiUITestsLaunchTests.swift; sourceTree = "<group>"; };
		C4C3F020280AC6F000D4FFFE /* OyunEkraniVC.swift */ = {isa = PBXFileReference; lastKnownFileType = sourcecode.swift; path = OyunEkraniVC.swift; sourceTree = "<group>"; };
		C4C3F022280AC76200D4FFFE /* SonucEkraniVC.swift */ = {isa = PBXFileReference; lastKnownFileType = sourcecode.swift; path = SonucEkraniVC.swift; sourceTree = "<group>"; };
/* End PBXFileReference section */

/* Begin PBXFrameworksBuildPhase section */
		C43A4178280ABDE20077D2E6 /* Frameworks */ = {
			isa = PBXFrameworksBuildPhase;
			buildActionMask = 2147483647;
			files = (
			);
			runOnlyForDeploymentPostprocessing = 0;
		};
		C43A418E280ABDE30077D2E6 /* Frameworks */ = {
			isa = PBXFrameworksBuildPhase;
			buildActionMask = 2147483647;
			files = (
			);
			runOnlyForDeploymentPostprocessing = 0;
		};
		C43A4198280ABDE30077D2E6 /* Frameworks */ = {
			isa = PBXFrameworksBuildPhase;
			buildActionMask = 2147483647;
			files = (
			);
			runOnlyForDeploymentPostprocessing = 0;
		};
/* End PBXFrameworksBuildPhase section */

/* Begin PBXGroup section */
		C43A4172280ABDE20077D2E6 = {
			isa = PBXGroup;
			children = (
				C43A417D280ABDE20077D2E6 /* CalismaYapisi */,
				C43A4194280ABDE30077D2E6 /* CalismaYapisiTests */,
				C43A419E280ABDE30077D2E6 /* CalismaYapisiUITests */,
				C43A417C280ABDE20077D2E6 /* Products */,
			);
			sourceTree = "<group>";
		};
		C43A417C280ABDE20077D2E6 /* Products */ = {
			isa = PBXGroup;
			children = (
				C43A417B280ABDE20077D2E6 /* CalismaYapisi.app */,
				C43A4191280ABDE30077D2E6 /* CalismaYapisiTests.xctest */,
				C43A419B280ABDE30077D2E6 /* CalismaYapisiUITests.xctest */,
			);
			name = Products;
			sourceTree = "<group>";
		};
		C43A417D280ABDE20077D2E6 /* CalismaYapisi */ = {
			isa = PBXGroup;
			children = (
				C43A417E280ABDE20077D2E6 /* AppDelegate.swift */,
				C43A4180280ABDE20077D2E6 /* SceneDelegate.swift */,
				C43A4182280ABDE20077D2E6 /* ViewController.swift */,
				C4C3F022280AC76200D4FFFE /* SonucEkraniVC.swift */,
				C4C3F020280AC6F000D4FFFE /* OyunEkraniVC.swift */,
				C40AA16D280ADEAF00A5E375 /* Kisiler.swift */,
				C43A4184280ABDE20077D2E6 /* Main.storyboard */,
				C43A4187280ABDE30077D2E6 /* Assets.xcassets */,
				C43A4189280ABDE30077D2E6 /* LaunchScreen.storyboard */,
				C43A418C280ABDE30077D2E6 /* Info.plist */,
			);
			path = CalismaYapisi;
			sourceTree = "<group>";
		};
		C43A4194280ABDE30077D2E6 /* CalismaYapisiTests */ = {
			isa = PBXGroup;
			children = (
				C43A4195280ABDE30077D2E6 /* CalismaYapisiTests.swift */,
			);
			path = CalismaYapisiTests;
			sourceTree = "<group>";
		};
		C43A419E280ABDE30077D2E6 /* CalismaYapisiUITests */ = {
			isa = PBXGroup;
			children = (
				C43A419F280ABDE30077D2E6 /* CalismaYapisiUITests.swift */,
				C43A41A1280ABDE30077D2E6 /* CalismaYapisiUITestsLaunchTests.swift */,
			);
			path = CalismaYapisiUITests;
			sourceTree = "<group>";
		};
/* End PBXGroup section */

/* Begin PBXNativeTarget section */
		C43A417A280ABDE20077D2E6 /* CalismaYapisi */ = {
			isa = PBXNativeTarget;
			buildConfigurationList = C43A41A5280ABDE30077D2E6 /* Build configuration list for PBXNativeTarget "CalismaYapisi" */;
			buildPhases = (
				C43A4177280ABDE20077D2E6 /* Sources */,
				C43A4178280ABDE20077D2E6 /* Frameworks */,
				C43A4179280ABDE20077D2E6 /* Resources */,
			);
			buildRules = (
			);
			dependencies = (
			);
			name = CalismaYapisi;
			productName = CalismaYapisi;
			productReference = C43A417B280ABDE20077D2E6 /* CalismaYapisi.app */;
			productType = "com.apple.product-type.application";
		};
		C43A4190280ABDE30077D2E6 /* CalismaYapisiTests */ = {
			isa = PBXNativeTarget;
			buildConfigurationList = C43A41A8280ABDE30077D2E6 /* Build configuration list for PBXNativeTarget "CalismaYapisiTests" */;
			buildPhases = (
				C43A418D280ABDE30077D2E6 /* Sources */,
				C43A418E280ABDE30077D2E6 /* Frameworks */,
				C43A418F280ABDE30077D2E6 /* Resources */,
			);
			buildRules = (
			);
			dependencies = (
				C43A4193280ABDE30077D2E6 /* PBXTargetDependency */,
			);
			name = CalismaYapisiTests;
			productName = CalismaYapisiTests;
			productReference = C43A4191280ABDE30077D2E6 /* CalismaYapisiTests.xctest */;
			productType = "com.apple.product-type.bundle.unit-test";
		};
		C43A419A280ABDE30077D2E6 /* CalismaYapisiUITests */ = {
			isa = PBXNativeTarget;
			buildConfigurationList = C43A41AB280ABDE30077D2E6 /* Build configuration list for PBXNativeTarget "CalismaYapisiUITests" */;
			buildPhases = (
				C43A4197280ABDE30077D2E6 /* Sources */,
				C43A4198280ABDE30077D2E6 /* Frameworks */,
				C43A4199280ABDE30077D2E6 /* Resources */,
			);
			buildRules = (
			);
			dependencies = (
				C43A419D280ABDE30077D2E6 /* PBXTargetDependency */,
			);
			name = CalismaYapisiUITests;
			productName = CalismaYapisiUITests;
			productReference = C43A419B280ABDE30077D2E6 /* CalismaYapisiUITests.xctest */;
			productType = "com.apple.product-type.bundle.ui-testing";
		};
/* End PBXNativeTarget section */

/* Begin PBXProject section */
		C43A4173280ABDE20077D2E6 /* Project object */ = {
			isa = PBXProject;
			attributes = {
				BuildIndependentTargetsInParallel = 1;
				LastSwiftUpdateCheck = 1320;
				LastUpgradeCheck = 1320;
				TargetAttributes = {
					C43A417A280ABDE20077D2E6 = {
						CreatedOnToolsVersion = 13.2.1;
					};
					C43A4190280ABDE30077D2E6 = {
						CreatedOnToolsVersion = 13.2.1;
						TestTargetID = C43A417A280ABDE20077D2E6;
					};
					C43A419A280ABDE30077D2E6 = {
						CreatedOnToolsVersion = 13.2.1;
						TestTargetID = C43A417A280ABDE20077D2E6;
					};
				};
			};
			buildConfigurationList = C43A4176280ABDE20077D2E6 /* Build configuration list for PBXProject "CalismaYapisi" */;
			compatibilityVersion = "Xcode 13.0";
			developmentRegion = en;
			hasScannedForEncodings = 0;
			knownRegions = (
				en,
				Base,
			);
			mainGroup = C43A4172280ABDE20077D2E6;
			productRefGroup = C43A417C280ABDE20077D2E6 /* Products */;
			projectDirPath = "";
			projectRoot = "";
			targets = (
				C43A417A280ABDE20077D2E6 /* CalismaYapisi */,
				C43A4190280ABDE30077D2E6 /* CalismaYapisiTests */,
				C43A419A280ABDE30077D2E6 /* CalismaYapisiUITests */,
			);
		};
/* End PBXProject section */

/* Begin PBXResourcesBuildPhase section */
		C43A4179280ABDE20077D2E6 /* Resources */ = {
			isa = PBXResourcesBuildPhase;
			buildActionMask = 2147483647;
			files = (
				C43A418B280ABDE30077D2E6 /* LaunchScreen.storyboard in Resources */,
				C43A4188280ABDE30077D2E6 /* Assets.xcassets in Resources */,
				C43A4186280ABDE20077D2E6 /* Main.storyboard in Resources */,
			);
			runOnlyForDeploymentPostprocessing = 0;
		};
		C43A418F280ABDE30077D2E6 /* Resources */ = {
			isa = PBXResourcesBuildPhase;
			buildActionMask = 2147483647;
			files = (
			);
			runOnlyForDeploymentPostprocessing = 0;
		};
		C43A4199280ABDE30077D2E6 /* Resources */ = {
			isa = PBXResourcesBuildPhase;
			buildActionMask = 2147483647;
			files = (
			);
			runOnlyForDeploymentPostprocessing = 0;
		};
/* End PBXResourcesBuildPhase section */

/* Begin PBXSourcesBuildPhase section */
		C43A4177280ABDE20077D2E6 /* Sources */ = {
			isa = PBXSourcesBuildPhase;
			buildActionMask = 2147483647;
			files = (
				C4C3F023280AC76200D4FFFE /* SonucEkraniVC.swift in Sources */,
				C43A4183280ABDE20077D2E6 /* ViewController.swift in Sources */,
				C43A417F280ABDE20077D2E6 /* AppDelegate.swift in Sources */,
				C43A4181280ABDE20077D2E6 /* SceneDelegate.swift in Sources */,
				C4C3F021280AC6F000D4FFFE /* OyunEkraniVC.swift in Sources */,
				C40AA16E280ADEAF00A5E375 /* Kisiler.swift in Sources */,
			);
			runOnlyForDeploymentPostprocessing = 0;
		};
		C43A418D280ABDE30077D2E6 /* Sources */ = {
			isa = PBXSourcesBuildPhase;
			buildActionMask = 2147483647;
			files = (
				C43A4196280ABDE30077D2E6 /* CalismaYapisiTests.swift in Sources */,
			);
			runOnlyForDeploymentPostprocessing = 0;
		};
		C43A4197280ABDE30077D2E6 /* Sources */ = {
			isa = PBXSourcesBuildPhase;
			buildActionMask = 2147483647;
			files = (
				C43A41A2280ABDE30077D2E6 /* CalismaYapisiUITestsLaunchTests.swift in Sources */,
				C43A41A0280ABDE30077D2E6 /* CalismaYapisiUITests.swift in Sources */,
			);
			runOnlyForDeploymentPostprocessing = 0;
		};
/* End PBXSourcesBuildPhase section */

/* Begin PBXTargetDependency section */
		C43A4193280ABDE30077D2E6 /* PBXTargetDependency */ = {
			isa = PBXTargetDependency;
			target = C43A417A280ABDE20077D2E6 /* CalismaYapisi */;
			targetProxy = C43A4192280ABDE30077D2E6 /* PBXContainerItemProxy */;
		};
		C43A419D280ABDE30077D2E6 /* PBXTargetDependency */ = {
			isa = PBXTargetDependency;
			target = C43A417A280ABDE20077D2E6 /* CalismaYapisi */;
			targetProxy = C43A419C280ABDE30077D2E6 /* PBXContainerItemProxy */;
		};
/* End PBXTargetDependency section */

/* Begin PBXVariantGroup section */
		C43A4184280ABDE20077D2E6 /* Main.storyboard */ = {
			isa = PBXVariantGroup;
			children = (
				C43A4185280ABDE20077D2E6 /* Base */,
			);
			name = Main.storyboard;
			sourceTree = "<group>";
		};
		C43A4189280ABDE30077D2E6 /* LaunchScreen.storyboard */ = {
			isa = PBXVariantGroup;
			children = (
				C43A418A280ABDE30077D2E6 /* Base */,
			);
			name = LaunchScreen.storyboard;
			sourceTree = "<group>";
		};
/* End PBXVariantGroup section */

/* Begin XCBuildConfiguration section */
		C43A41A3280ABDE30077D2E6 /* Debug */ = {
			isa = XCBuildConfiguration;
			buildSettings = {
				ALWAYS_SEARCH_USER_PATHS = NO;
				CLANG_ANALYZER_NONNULL = YES;
				CLANG_ANALYZER_NUMBER_OBJECT_CONVERSION = YES_AGGRESSIVE;
				CLANG_CXX_LANGUAGE_STANDARD = "gnu++17";
				CLANG_CXX_LIBRARY = "libc++";
				CLANG_ENABLE_MODULES = YES;
				CLANG_ENABLE_OBJC_ARC = YES;
				CLANG_ENABLE_OBJC_WEAK = YES;
				CLANG_WARN_BLOCK_CAPTURE_AUTORELEASING = YES;
				CLANG_WARN_BOOL_CONVERSION = YES;
				CLANG_WARN_COMMA = YES;
				CLANG_WARN_CONSTANT_CONVERSION = YES;
				CLANG_WARN_DEPRECATED_OBJC_IMPLEMENTATIONS = YES;
				CLANG_WARN_DIRECT_OBJC_ISA_USAGE = YES_ERROR;
				CLANG_WARN_DOCUMENTATION_COMMENTS = YES;
				CLANG_WARN_EMPTY_BODY = YES;
				CLANG_WARN_ENUM_CONVERSION = YES;
				CLANG_WARN_INFINITE_RECURSION = YES;
				CLANG_WARN_INT_CONVERSION = YES;
				CLANG_WARN_NON_LITERAL_NULL_CONVERSION = YES;
				CLANG_WARN_OBJC_IMPLICIT_RETAIN_SELF = YES;
				CLANG_WARN_OBJC_LITERAL_CONVERSION = YES;
				CLANG_WARN_OBJC_ROOT_CLASS = YES_ERROR;
				CLANG_WARN_QUOTED_INCLUDE_IN_FRAMEWORK_HEADER = YES;
				CLANG_WARN_RANGE_LOOP_ANALYSIS = YES;
				CLANG_WARN_STRICT_PROTOTYPES = YES;
				CLANG_WARN_SUSPICIOUS_MOVE = YES;
				CLANG_WARN_UNGUARDED_AVAILABILITY = YES_AGGRESSIVE;
				CLANG_WARN_UNREACHABLE_CODE = YES;
				CLANG_WARN__DUPLICATE_METHOD_MATCH = YES;
				COPY_PHASE_STRIP = NO;
				DEBUG_INFORMATION_FORMAT = dwarf;
				ENABLE_STRICT_OBJC_MSGSEND = YES;
				ENABLE_TESTABILITY = YES;
				GCC_C_LANGUAGE_STANDARD = gnu11;
				GCC_DYNAMIC_NO_PIC = NO;
				GCC_NO_COMMON_BLOCKS = YES;
				GCC_OPTIMIZATION_LEVEL = 0;
				GCC_PREPROCESSOR_DEFINITIONS = (
					"DEBUG=1",
					"$(inherited)",
				);
				GCC_WARN_64_TO_32_BIT_CONVERSION = YES;
				GCC_WARN_ABOUT_RETURN_TYPE = YES_ERROR;
				GCC_WARN_UNDECLARED_SELECTOR = YES;
				GCC_WARN_UNINITIALIZED_AUTOS = YES_AGGRESSIVE;
				GCC_WARN_UNUSED_FUNCTION = YES;
				GCC_WARN_UNUSED_VARIABLE = YES;
				IPHONEOS_DEPLOYMENT_TARGET = 15.2;
				MTL_ENABLE_DEBUG_INFO = INCLUDE_SOURCE;
				MTL_FAST_MATH = YES;
				ONLY_ACTIVE_ARCH = YES;
				SDKROOT = iphoneos;
				SWIFT_ACTIVE_COMPILATION_CONDITIONS = DEBUG;
				SWIFT_OPTIMIZATION_LEVEL = "-Onone";
			};
			name = Debug;
		};
		C43A41A4280ABDE30077D2E6 /* Release */ = {
			isa = XCBuildConfiguration;
			buildSettings = {
				ALWAYS_SEARCH_USER_PATHS = NO;
				CLANG_ANALYZER_NONNULL = YES;
				CLANG_ANALYZER_NUMBER_OBJECT_CONVERSION = YES_AGGRESSIVE;
				CLANG_CXX_LANGUAGE_STANDARD = "gnu++17";
				CLANG_CXX_LIBRARY = "libc++";
				CLANG_ENABLE_MODULES = YES;
				CLANG_ENABLE_OBJC_ARC = YES;
				CLANG_ENABLE_OBJC_WEAK = YES;
				CLANG_WARN_BLOCK_CAPTURE_AUTORELEASING = YES;
				CLANG_WARN_BOOL_CONVERSION = YES;
				CLANG_WARN_COMMA = YES;
				CLANG_WARN_CONSTANT_CONVERSION = YES;
				CLANG_WARN_DEPRECATED_OBJC_IMPLEMENTATIONS = YES;
				CLANG_WARN_DIRECT_OBJC_ISA_USAGE = YES_ERROR;
				CLANG_WARN_DOCUMENTATION_COMMENTS = YES;
				CLANG_WARN_EMPTY_BODY = YES;
				CLANG_WARN_ENUM_CONVERSION = YES;
				CLANG_WARN_INFINITE_RECURSION = YES;
				CLANG_WARN_INT_CONVERSION = YES;
				CLANG_WARN_NON_LITERAL_NULL_CONVERSION = YES;
				CLANG_WARN_OBJC_IMPLICIT_RETAIN_SELF = YES;
				CLANG_WARN_OBJC_LITERAL_CONVERSION = YES;
				CLANG_WARN_OBJC_ROOT_CLASS = YES_ERROR;
				CLANG_WARN_QUOTED_INCLUDE_IN_FRAMEWORK_HEADER = YES;
				CLANG_WARN_RANGE_LOOP_ANALYSIS = YES;
				CLANG_WARN_STRICT_PROTOTYPES = YES;
				CLANG_WARN_SUSPICIOUS_MOVE = YES;
				CLANG_WARN_UNGUARDED_AVAILABILITY = YES_AGGRESSIVE;
				CLANG_WARN_UNREACHABLE_CODE = YES;
				CLANG_WARN__DUPLICATE_METHOD_MATCH = YES;
				COPY_PHASE_STRIP = NO;
				DEBUG_INFORMATION_FORMAT = "dwarf-with-dsym";
				ENABLE_NS_ASSERTIONS = NO;
				ENABLE_STRICT_OBJC_MSGSEND = YES;
				GCC_C_LANGUAGE_STANDARD = gnu11;
				GCC_NO_COMMON_BLOCKS = YES;
				GCC_WARN_64_TO_32_BIT_CONVERSION = YES;
				GCC_WARN_ABOUT_RETURN_TYPE = YES_ERROR;
				GCC_WARN_UNDECLARED_SELECTOR = YES;
				GCC_WARN_UNINITIALIZED_AUTOS = YES_AGGRESSIVE;
				GCC_WARN_UNUSED_FUNCTION = YES;
				GCC_WARN_UNUSED_VARIABLE = YES;
				IPHONEOS_DEPLOYMENT_TARGET = 15.2;
				MTL_ENABLE_DEBUG_INFO = NO;
				MTL_FAST_MATH = YES;
				SDKROOT = iphoneos;
				SWIFT_COMPILATION_MODE = wholemodule;
				SWIFT_OPTIMIZATION_LEVEL = "-O";
				VALIDATE_PRODUCT = YES;
			};
			name = Release;
		};
		C43A41A6280ABDE30077D2E6 /* Debug */ = {
			isa = XCBuildConfiguration;
			buildSettings = {
				ASSETCATALOG_COMPILER_APPICON_NAME = AppIcon;
				ASSETCATALOG_COMPILER_GLOBAL_ACCENT_COLOR_NAME = AccentColor;
				CODE_SIGN_STYLE = Automatic;
				CURRENT_PROJECT_VERSION = 1;
				DEVELOPMENT_TEAM = CRW4G98LL8;
				GENERATE_INFOPLIST_FILE = YES;
				INFOPLIST_FILE = CalismaYapisi/Info.plist;
				INFOPLIST_KEY_UIApplicationSupportsIndirectInputEvents = YES;
				INFOPLIST_KEY_UILaunchStoryboardName = LaunchScreen;
				INFOPLIST_KEY_UIMainStoryboardFile = Main;
				INFOPLIST_KEY_UISupportedInterfaceOrientations_iPad = "UIInterfaceOrientationPortrait UIInterfaceOrientationPortraitUpsideDown UIInterfaceOrientationLandscapeLeft UIInterfaceOrientationLandscapeRight";
				INFOPLIST_KEY_UISupportedInterfaceOrientations_iPhone = "UIInterfaceOrientationPortrait UIInterfaceOrientationLandscapeLeft UIInterfaceOrientationLandscapeRight";
				LD_RUNPATH_SEARCH_PATHS = (
					"$(inherited)",
					"@executable_path/Frameworks",
				);
				MARKETING_VERSION = 1.0;
				PRODUCT_BUNDLE_IDENTIFIER = com.gizemturker.CalismaYapisi;
				PRODUCT_NAME = "$(TARGET_NAME)";
				SWIFT_EMIT_LOC_STRINGS = YES;
				SWIFT_VERSION = 5.0;
				TARGETED_DEVICE_FAMILY = "1,2";
			};
			name = Debug;
		};
		C43A41A7280ABDE30077D2E6 /* Release */ = {
			isa = XCBuildConfiguration;
			buildSettings = {
				ASSETCATALOG_COMPILER_APPICON_NAME = AppIcon;
				ASSETCATALOG_COMPILER_GLOBAL_ACCENT_COLOR_NAME = AccentColor;
				CODE_SIGN_STYLE = Automatic;
				CURRENT_PROJECT_VERSION = 1;
				DEVELOPMENT_TEAM = CRW4G98LL8;
				GENERATE_INFOPLIST_FILE = YES;
				INFOPLIST_FILE = CalismaYapisi/Info.plist;
				INFOPLIST_KEY_UIApplicationSupportsIndirectInputEvents = YES;
				INFOPLIST_KEY_UILaunchStoryboardName = LaunchScreen;
				INFOPLIST_KEY_UIMainStoryboardFile = Main;
				INFOPLIST_KEY_UISupportedInterfaceOrientations_iPad = "UIInterfaceOrientationPortrait UIInterfaceOrientationPortraitUpsideDown UIInterfaceOrientationLandscapeLeft UIInterfaceOrientationLandscapeRight";
				INFOPLIST_KEY_UISupportedInterfaceOrientations_iPhone = "UIInterfaceOrientationPortrait UIInterfaceOrientationLandscapeLeft UIInterfaceOrientationLandscapeRight";
				LD_RUNPATH_SEARCH_PATHS = (
					"$(inherited)",
					"@executable_path/Frameworks",
				);
				MARKETING_VERSION = 1.0;
				PRODUCT_BUNDLE_IDENTIFIER = com.gizemturker.CalismaYapisi;
				PRODUCT_NAME = "$(TARGET_NAME)";
				SWIFT_EMIT_LOC_STRINGS = YES;
				SWIFT_VERSION = 5.0;
				TARGETED_DEVICE_FAMILY = "1,2";
			};
			name = Release;
		};
		C43A41A9280ABDE30077D2E6 /* Debug */ = {
			isa = XCBuildConfiguration;
			buildSettings = {
				ALWAYS_EMBED_SWIFT_STANDARD_LIBRARIES = YES;
				BUNDLE_LOADER = "$(TEST_HOST)";
				CODE_SIGN_STYLE = Automatic;
				CURRENT_PROJECT_VERSION = 1;
				DEVELOPMENT_TEAM = CRW4G98LL8;
				GENERATE_INFOPLIST_FILE = YES;
				IPHONEOS_DEPLOYMENT_TARGET = 15.2;
				MARKETING_VERSION = 1.0;
				PRODUCT_BUNDLE_IDENTIFIER = com.gizemturker.CalismaYapisiTests;
				PRODUCT_NAME = "$(TARGET_NAME)";
				SWIFT_EMIT_LOC_STRINGS = NO;
				SWIFT_VERSION = 5.0;
				TARGETED_DEVICE_FAMILY = "1,2";
				TEST_HOST = "$(BUILT_PRODUCTS_DIR)/CalismaYapisi.app/CalismaYapisi";
			};
			name = Debug;
		};
		C43A41AA280ABDE30077D2E6 /* Release */ = {
			isa = XCBuildConfiguration;
			buildSettings = {
				ALWAYS_EMBED_SWIFT_STANDARD_LIBRARIES = YES;
				BUNDLE_LOADER = "$(TEST_HOST)";
				CODE_SIGN_STYLE = Automatic;
				CURRENT_PROJECT_VERSION = 1;
				DEVELOPMENT_TEAM = CRW4G98LL8;
				GENERATE_INFOPLIST_FILE = YES;
				IPHONEOS_DEPLOYMENT_TARGET = 15.2;
				MARKETING_VERSION = 1.0;
				PRODUCT_BUNDLE_IDENTIFIER = com.gizemturker.CalismaYapisiTests;
				PRODUCT_NAME = "$(TARGET_NAME)";
				SWIFT_EMIT_LOC_STRINGS = NO;
				SWIFT_VERSION = 5.0;
				TARGETED_DEVICE_FAMILY = "1,2";
				TEST_HOST = "$(BUILT_PRODUCTS_DIR)/CalismaYapisi.app/CalismaYapisi";
			};
			name = Release;
		};
		C43A41AC280ABDE30077D2E6 /* Debug */ = {
			isa = XCBuildConfiguration;
			buildSettings = {
				ALWAYS_EMBED_SWIFT_STANDARD_LIBRARIES = YES;
				CODE_SIGN_STYLE = Automatic;
				CURRENT_PROJECT_VERSION = 1;
				DEVELOPMENT_TEAM = CRW4G98LL8;
				GENERATE_INFOPLIST_FILE = YES;
				MARKETING_VERSION = 1.0;
				PRODUCT_BUNDLE_IDENTIFIER = com.gizemturker.CalismaYapisiUITests;
				PRODUCT_NAME = "$(TARGET_NAME)";
				SWIFT_EMIT_LOC_STRINGS = NO;
				SWIFT_VERSION = 5.0;
				TARGETED_DEVICE_FAMILY = "1,2";
				TEST_TARGET_NAME = CalismaYapisi;
			};
			name = Debug;
		};
		C43A41AD280ABDE30077D2E6 /* Release */ = {
			isa = XCBuildConfiguration;
			buildSettings = {
				ALWAYS_EMBED_SWIFT_STANDARD_LIBRARIES = YES;
				CODE_SIGN_STYLE = Automatic;
				CURRENT_PROJECT_VERSION = 1;
				DEVELOPMENT_TEAM = CRW4G98LL8;
				GENERATE_INFOPLIST_FILE = YES;
				MARKETING_VERSION = 1.0;
				PRODUCT_BUNDLE_IDENTIFIER = com.gizemturker.CalismaYapisiUITests;
				PRODUCT_NAME = "$(TARGET_NAME)";
				SWIFT_EMIT_LOC_STRINGS = NO;
				SWIFT_VERSION = 5.0;
				TARGETED_DEVICE_FAMILY = "1,2";
				TEST_TARGET_NAME = CalismaYapisi;
			};
			name = Release;
		};
/* End XCBuildConfiguration section */

/* Begin XCConfigurationList section */
		C43A4176280ABDE20077D2E6 /* Build configuration list for PBXProject "CalismaYapisi" */ = {
			isa = XCConfigurationList;
			buildConfigurations = (
				C43A41A3280ABDE30077D2E6 /* Debug */,
				C43A41A4280ABDE30077D2E6 /* Release */,
			);
			defaultConfigurationIsVisible = 0;
			defaultConfigurationName = Release;
		};
		C43A41A5280ABDE30077D2E6 /* Build configuration list for PBXNativeTarget "CalismaYapisi" */ = {
			isa = XCConfigurationList;
			buildConfigurations = (
				C43A41A6280ABDE30077D2E6 /* Debug */,
				C43A41A7280ABDE30077D2E6 /* Release */,
			);
			defaultConfigurationIsVisible = 0;
			defaultConfigurationName = Release;
		};
		C43A41A8280ABDE30077D2E6 /* Build configuration list for PBXNativeTarget "CalismaYapisiTests" */ = {
			isa = XCConfigurationList;
			buildConfigurations = (
				C43A41A9280ABDE30077D2E6 /* Debug */,
				C43A41AA280ABDE30077D2E6 /* Release */,
			);
			defaultConfigurationIsVisible = 0;
			defaultConfigurationName = Release;
		};
		C43A41AB280ABDE30077D2E6 /* Build configuration list for PBXNativeTarget "CalismaYapisiUITests" */ = {
			isa = XCConfigurationList;
			buildConfigurations = (
				C43A41AC280ABDE30077D2E6 /* Debug */,
				C43A41AD280ABDE30077D2E6 /* Release */,
			);
			defaultConfigurationIsVisible = 0;
			defaultConfigurationName = Release;
		};
/* End XCConfigurationList section */
	};
	rootObject = C43A4173280ABDE20077D2E6 /* Project object */;
}
